// !$*UTF8*$!
{
	archiveVersion = 1;
	classes = {
	};
	objectVersion = 46;
	objects = {

/* Begin PBXBuildFile section */
		96C5A0D81810D9E000FBCE41 /* Foundation.framework in Frameworks */ = {isa = PBXBuildFile; fileRef = 96C5A0D71810D9E000FBCE41 /* Foundation.framework */; };
		96C5A0DA1810D9E000FBCE41 /* CoreGraphics.framework in Frameworks */ = {isa = PBXBuildFile; fileRef = 96C5A0D91810D9E000FBCE41 /* CoreGraphics.framework */; };
		96C5A0DC1810D9E000FBCE41 /* UIKit.framework in Frameworks */ = {isa = PBXBuildFile; fileRef = 96C5A0DB1810D9E000FBCE41 /* UIKit.framework */; };
		96C5A0E21810D9E000FBCE41 /* InfoPlist.strings in Resources */ = {isa = PBXBuildFile; fileRef = 96C5A0E01810D9E000FBCE41 /* InfoPlist.strings */; };
		96C5A0E41810D9E000FBCE41 /* main.m in Sources */ = {isa = PBXBuildFile; fileRef = 96C5A0E31810D9E000FBCE41 /* main.m */; };
		96C5A0E81810D9E000FBCE41 /* JSHAppDelegate.m in Sources */ = {isa = PBXBuildFile; fileRef = 96C5A0E71810D9E000FBCE41 /* JSHAppDelegate.m */; };
		96C5A0EB1810D9E000FBCE41 /* Main.storyboard in Resources */ = {isa = PBXBuildFile; fileRef = 96C5A0E91810D9E000FBCE41 /* Main.storyboard */; };
		96C5A0EE1810D9E000FBCE41 /* JSHViewController.m in Sources */ = {isa = PBXBuildFile; fileRef = 96C5A0ED1810D9E000FBCE41 /* JSHViewController.m */; };
		96C5A0F01810D9E000FBCE41 /* Images.xcassets in Resources */ = {isa = PBXBuildFile; fileRef = 96C5A0EF1810D9E000FBCE41 /* Images.xcassets */; };
		96C5A0F71810D9E000FBCE41 /* XCTest.framework in Frameworks */ = {isa = PBXBuildFile; fileRef = 96C5A0F61810D9E000FBCE41 /* XCTest.framework */; };
		96C5A0F81810D9E000FBCE41 /* Foundation.framework in Frameworks */ = {isa = PBXBuildFile; fileRef = 96C5A0D71810D9E000FBCE41 /* Foundation.framework */; };
		96C5A0F91810D9E100FBCE41 /* UIKit.framework in Frameworks */ = {isa = PBXBuildFile; fileRef = 96C5A0DB1810D9E000FBCE41 /* UIKit.framework */; };
		96C5A1011810D9E100FBCE41 /* InfoPlist.strings in Resources */ = {isa = PBXBuildFile; fileRef = 96C5A0FF1810D9E100FBCE41 /* InfoPlist.strings */; };
		96C5A1031810D9E100FBCE41 /* FirstAppTests.m in Sources */ = {isa = PBXBuildFile; fileRef = 96C5A1021810D9E100FBCE41 /* FirstAppTests.m */; };
		EF1AD9E7181A12AC00FDAD73 /* JSHSecondViewController.m in Sources */ = {isa = PBXBuildFile; fileRef = EF1AD9E6181A12AC00FDAD73 /* JSHSecondViewController.m */; };
/* End PBXBuildFile section */

/* Begin PBXContainerItemProxy section */
		96C5A0FA1810D9E100FBCE41 /* PBXContainerItemProxy */ = {
			isa = PBXContainerItemProxy;
			containerPortal = 96C5A0CC1810D9E000FBCE41 /* Project object */;
			proxyType = 1;
			remoteGlobalIDString = 96C5A0D31810D9E000FBCE41;
			remoteInfo = FirstApp;
		};
/* End PBXContainerItemProxy section */

/* Begin PBXFileReference section */
		96C5A0D41810D9E000FBCE41 /* FirstApp.app */ = {isa = PBXFileReference; explicitFileType = wrapper.application; includeInIndex = 0; path = FirstApp.app; sourceTree = BUILT_PRODUCTS_DIR; };
		96C5A0D71810D9E000FBCE41 /* Foundation.framework */ = {isa = PBXFileReference; lastKnownFileType = wrapper.framework; name = Foundation.framework; path = System/Library/Frameworks/Foundation.framework; sourceTree = SDKROOT; };
		96C5A0D91810D9E000FBCE41 /* CoreGraphics.framework */ = {isa = PBXFileReference; lastKnownFileType = wrapper.framework; name = CoreGraphics.framework; path = System/Library/Frameworks/CoreGraphics.framework; sourceTree = SDKROOT; };
		96C5A0DB1810D9E000FBCE41 /* UIKit.framework */ = {isa = PBXFileReference; lastKnownFileType = wrapper.framework; name = UIKit.framework; path = System/Library/Frameworks/UIKit.framework; sourceTree = SDKROOT; };
		96C5A0DF1810D9E000FBCE41 /* FirstApp-Info.plist */ = {isa = PBXFileReference; lastKnownFileType = text.plist.xml; path = "FirstApp-Info.plist"; sourceTree = "<group>"; };
		96C5A0E11810D9E000FBCE41 /* en */ = {isa = PBXFileReference; lastKnownFileType = text.plist.strings; name = en; path = en.lproj/InfoPlist.strings; sourceTree = "<group>"; };
		96C5A0E31810D9E000FBCE41 /* main.m */ = {isa = PBXFileReference; lastKnownFileType = sourcecode.c.objc; path = main.m; sourceTree = "<group>"; };
		96C5A0E51810D9E000FBCE41 /* FirstApp-Prefix.pch */ = {isa = PBXFileReference; lastKnownFileType = sourcecode.c.h; path = "FirstApp-Prefix.pch"; sourceTree = "<group>"; };
		96C5A0E61810D9E000FBCE41 /* JSHAppDelegate.h */ = {isa = PBXFileReference; lastKnownFileType = sourcecode.c.h; path = JSHAppDelegate.h; sourceTree = "<group>"; };
		96C5A0E71810D9E000FBCE41 /* JSHAppDelegate.m */ = {isa = PBXFileReference; lastKnownFileType = sourcecode.c.objc; path = JSHAppDelegate.m; sourceTree = "<group>"; };
		96C5A0EA1810D9E000FBCE41 /* Base */ = {isa = PBXFileReference; lastKnownFileType = file.storyboard; name = Base; path = Base.lproj/Main.storyboard; sourceTree = "<group>"; };
		96C5A0EC1810D9E000FBCE41 /* JSHViewController.h */ = {isa = PBXFileReference; lastKnownFileType = sourcecode.c.h; path = JSHViewController.h; sourceTree = "<group>"; };
		96C5A0ED1810D9E000FBCE41 /* JSHViewController.m */ = {isa = PBXFileReference; lastKnownFileType = sourcecode.c.objc; path = JSHViewController.m; sourceTree = "<group>"; };
		96C5A0EF1810D9E000FBCE41 /* Images.xcassets */ = {isa = PBXFileReference; lastKnownFileType = folder.assetcatalog; path = Images.xcassets; sourceTree = "<group>"; };
		96C5A0F51810D9E000FBCE41 /* FirstAppTests.xctest */ = {isa = PBXFileReference; explicitFileType = wrapper.cfbundle; includeInIndex = 0; path = FirstAppTests.xctest; sourceTree = BUILT_PRODUCTS_DIR; };
		96C5A0F61810D9E000FBCE41 /* XCTest.framework */ = {isa = PBXFileReference; lastKnownFileType = wrapper.framework; name = XCTest.framework; path = Library/Frameworks/XCTest.framework; sourceTree = DEVELOPER_DIR; };
		96C5A0FE1810D9E100FBCE41 /* FirstAppTests-Info.plist */ = {isa = PBXFileReference; lastKnownFileType = text.plist.xml; path = "FirstAppTests-Info.plist"; sourceTree = "<group>"; };
		96C5A1001810D9E100FBCE41 /* en */ = {isa = PBXFileReference; lastKnownFileType = text.plist.strings; name = en; path = en.lproj/InfoPlist.strings; sourceTree = "<group>"; };
		96C5A1021810D9E100FBCE41 /* FirstAppTests.m */ = {isa = PBXFileReference; lastKnownFileType = sourcecode.c.objc; path = FirstAppTests.m; sourceTree = "<group>"; };
		EF1AD9E5181A12AC00FDAD73 /* JSHSecondViewController.h */ = {isa = PBXFileReference; fileEncoding = 4; lastKnownFileType = sourcecode.c.h; path = JSHSecondViewController.h; sourceTree = "<group>"; };
		EF1AD9E6181A12AC00FDAD73 /* JSHSecondViewController.m */ = {isa = PBXFileReference; fileEncoding = 4; lastKnownFileType = sourcecode.c.objc; path = JSHSecondViewController.m; sourceTree = "<group>"; };
/* End PBXFileReference section */

/* Begin PBXFrameworksBuildPhase section */
		96C5A0D11810D9E000FBCE41 /* Frameworks */ = {
			isa = PBXFrameworksBuildPhase;
			buildActionMask = 2147483647;
			files = (
				96C5A0DA1810D9E000FBCE41 /* CoreGraphics.framework in Frameworks */,
				96C5A0DC1810D9E000FBCE41 /* UIKit.framework in Frameworks */,
				96C5A0D81810D9E000FBCE41 /* Foundation.framework in Frameworks */,
			);
			runOnlyForDeploymentPostprocessing = 0;
		};
		96C5A0F21810D9E000FBCE41 /* Frameworks */ = {
			isa = PBXFrameworksBuildPhase;
			buildActionMask = 2147483647;
			files = (
				96C5A0F71810D9E000FBCE41 /* XCTest.framework in Frameworks */,
				96C5A0F91810D9E100FBCE41 /* UIKit.framework in Frameworks */,
				96C5A0F81810D9E000FBCE41 /* Foundation.framework in Frameworks */,
			);
			runOnlyForDeploymentPostprocessing = 0;
		};
/* End PBXFrameworksBuildPhase section */

/* Begin PBXGroup section */
		96C5A0CB1810D9E000FBCE41 = {
			isa = PBXGroup;
			children = (
				96C5A0DD1810D9E000FBCE41 /* FirstApp */,
				96C5A0FC1810D9E100FBCE41 /* FirstAppTests */,
				96C5A0D61810D9E000FBCE41 /* Frameworks */,
				96C5A0D51810D9E000FBCE41 /* Products */,
			);
			sourceTree = "<group>";
		};
		96C5A0D51810D9E000FBCE41 /* Products */ = {
			isa = PBXGroup;
			children = (
				96C5A0D41810D9E000FBCE41 /* FirstApp.app */,
				96C5A0F51810D9E000FBCE41 /* FirstAppTests.xctest */,
			);
			name = Products;
			sourceTree = "<group>";
		};
		96C5A0D61810D9E000FBCE41 /* Frameworks */ = {
			isa = PBXGroup;
			children = (
				96C5A0D71810D9E000FBCE41 /* Foundation.framework */,
				96C5A0D91810D9E000FBCE41 /* CoreGraphics.framework */,
				96C5A0DB1810D9E000FBCE41 /* UIKit.framework */,
				96C5A0F61810D9E000FBCE41 /* XCTest.framework */,
			);
			name = Frameworks;
			sourceTree = "<group>";
		};
		96C5A0DD1810D9E000FBCE41 /* FirstApp */ = {
			isa = PBXGroup;
			children = (
				96C5A0E61810D9E000FBCE41 /* JSHAppDelegate.h */,
				96C5A0E71810D9E000FBCE41 /* JSHAppDelegate.m */,
				96C5A0E91810D9E000FBCE41 /* Main.storyboard */,
				96C5A0EC1810D9E000FBCE41 /* JSHViewController.h */,
				96C5A0ED1810D9E000FBCE41 /* JSHViewController.m */,
				96C5A0EF1810D9E000FBCE41 /* Images.xcassets */,
				96C5A0DE1810D9E000FBCE41 /* Supporting Files */,
				EF1AD9E5181A12AC00FDAD73 /* JSHSecondViewController.h */,
				EF1AD9E6181A12AC00FDAD73 /* JSHSecondViewController.m */,
			);
			path = FirstApp;
			sourceTree = "<group>";
		};
		96C5A0DE1810D9E000FBCE41 /* Supporting Files */ = {
			isa = PBXGroup;
			children = (
				96C5A0DF1810D9E000FBCE41 /* FirstApp-Info.plist */,
				96C5A0E01810D9E000FBCE41 /* InfoPlist.strings */,
				96C5A0E31810D9E000FBCE41 /* main.m */,
				96C5A0E51810D9E000FBCE41 /* FirstApp-Prefix.pch */,
			);
			name = "Supporting Files";
			sourceTree = "<group>";
		};
		96C5A0FC1810D9E100FBCE41 /* FirstAppTests */ = {
			isa = PBXGroup;
			children = (
				96C5A1021810D9E100FBCE41 /* FirstAppTests.m */,
				96C5A0FD1810D9E100FBCE41 /* Supporting Files */,
			);
			path = FirstAppTests;
			sourceTree = "<group>";
		};
		96C5A0FD1810D9E100FBCE41 /* Supporting Files */ = {
			isa = PBXGroup;
			children = (
				96C5A0FE1810D9E100FBCE41 /* FirstAppTests-Info.plist */,
				96C5A0FF1810D9E100FBCE41 /* InfoPlist.strings */,
			);
			name = "Supporting Files";
			sourceTree = "<group>";
		};
/* End PBXGroup section */

/* Begin PBXNativeTarget section */
		96C5A0D31810D9E000FBCE41 /* FirstApp */ = {
			isa = PBXNativeTarget;
			buildConfigurationList = 96C5A1061810D9E100FBCE41 /* Build configuration list for PBXNativeTarget "FirstApp" */;
			buildPhases = (
				96C5A0D01810D9E000FBCE41 /* Sources */,
				96C5A0D11810D9E000FBCE41 /* Frameworks */,
				96C5A0D21810D9E000FBCE41 /* Resources */,
			);
			buildRules = (
			);
			dependencies = (
			);
			name = FirstApp;
			productName = FirstApp;
			productReference = 96C5A0D41810D9E000FBCE41 /* FirstApp.app */;
			productType = "com.apple.product-type.application";
		};
		96C5A0F41810D9E000FBCE41 /* FirstAppTests */ = {
			isa = PBXNativeTarget;
			buildConfigurationList = 96C5A1091810D9E100FBCE41 /* Build configuration list for PBXNativeTarget "FirstAppTests" */;
			buildPhases = (
				96C5A0F11810D9E000FBCE41 /* Sources */,
				96C5A0F21810D9E000FBCE41 /* Frameworks */,
				96C5A0F31810D9E000FBCE41 /* Resources */,
			);
			buildRules = (
			);
			dependencies = (
				96C5A0FB1810D9E100FBCE41 /* PBXTargetDependency */,
			);
			name = FirstAppTests;
			productName = FirstAppTests;
			productReference = 96C5A0F51810D9E000FBCE41 /* FirstAppTests.xctest */;
			productType = "com.apple.product-type.bundle.unit-test";
		};
/* End PBXNativeTarget section */

/* Begin PBXProject section */
		96C5A0CC1810D9E000FBCE41 /* Project object */ = {
			isa = PBXProject;
			attributes = {
				CLASSPREFIX = JSH;
				LastUpgradeCheck = 0500;
				ORGANIZATIONNAME = "Code Fellows";
				TargetAttributes = {
					96C5A0F41810D9E000FBCE41 = {
						TestTargetID = 96C5A0D31810D9E000FBCE41;
					};
				};
			};
			buildConfigurationList = 96C5A0CF1810D9E000FBCE41 /* Build configuration list for PBXProject "FirstApp" */;
			compatibilityVersion = "Xcode 3.2";
			developmentRegion = English;
			hasScannedForEncodings = 0;
			knownRegions = (
				en,
				Base,
			);
			mainGroup = 96C5A0CB1810D9E000FBCE41;
			productRefGroup = 96C5A0D51810D9E000FBCE41 /* Products */;
			projectDirPath = "";
			projectRoot = "";
			targets = (
				96C5A0D31810D9E000FBCE41 /* FirstApp */,
				96C5A0F41810D9E000FBCE41 /* FirstAppTests */,
			);
		};
/* End PBXProject section */

/* Begin PBXResourcesBuildPhase section */
		96C5A0D21810D9E000FBCE41 /* Resources */ = {
			isa = PBXResourcesBuildPhase;
			buildActionMask = 2147483647;
			files = (
				96C5A0F01810D9E000FBCE41 /* Images.xcassets in Resources */,
				96C5A0E21810D9E000FBCE41 /* InfoPlist.strings in Resources */,
				96C5A0EB1810D9E000FBCE41 /* Main.storyboard in Resources */,
			);
			runOnlyForDeploymentPostprocessing = 0;
		};
		96C5A0F31810D9E000FBCE41 /* Resources */ = {
			isa = PBXResourcesBuildPhase;
			buildActionMask = 2147483647;
			files = (
				96C5A1011810D9E100FBCE41 /* InfoPlist.strings in Resources */,
			);
			runOnlyForDeploymentPostprocessing = 0;
		};
/* End PBXResourcesBuildPhase section */

/* Begin PBXSourcesBuildPhase section */
		96C5A0D01810D9E000FBCE41 /* Sources */ = {
			isa = PBXSourcesBuildPhase;
			buildActionMask = 2147483647;
			files = (
				EF1AD9E7181A12AC00FDAD73 /* JSHSecondViewController.m in Sources */,
				96C5A0E81810D9E000FBCE41 /* JSHAppDelegate.m in Sources */,
				96C5A0EE1810D9E000FBCE41 /* JSHViewController.m in Sources */,
				96C5A0E41810D9E000FBCE41 /* main.m in Sources */,
			);
			runOnlyForDeploymentPostprocessing = 0;
		};
		96C5A0F11810D9E000FBCE41 /* Sources */ = {
			isa = PBXSourcesBuildPhase;
			buildActionMask = 2147483647;
			files = (
				96C5A1031810D9E100FBCE41 /* FirstAppTests.m in Sources */,
			);
			runOnlyForDeploymentPostprocessing = 0;
		};
/* End PBXSourcesBuildPhase section */

/* Begin PBXTargetDependency section */
		96C5A0FB1810D9E100FBCE41 /* PBXTargetDependency */ = {
			isa = PBXTargetDependency;
			target = 96C5A0D31810D9E000FBCE41 /* FirstApp */;
			targetProxy = 96C5A0FA1810D9E100FBCE41 /* PBXContainerItemProxy */;
		};
/* End PBXTargetDependency section */

/* Begin PBXVariantGroup section */
		96C5A0E01810D9E000FBCE41 /* InfoPlist.strings */ = {
			isa = PBXVariantGroup;
			children = (
				96C5A0E11810D9E000FBCE41 /* en */,
			);
			name = InfoPlist.strings;
			sourceTree = "<group>";
		};
		96C5A0E91810D9E000FBCE41 /* Main.storyboard */ = {
			isa = PBXVariantGroup;
			children = (
				96C5A0EA1810D9E000FBCE41 /* Base */,
			);
			name = Main.storyboard;
			sourceTree = "<group>";
		};
		96C5A0FF1810D9E100FBCE41 /* InfoPlist.strings */ = {
			isa = PBXVariantGroup;
			children = (
				96C5A1001810D9E100FBCE41 /* en */,
			);
			name = InfoPlist.strings;
			sourceTree = "<group>";
		};
/* End PBXVariantGroup section */

/* Begin XCBuildConfiguration section */
		96C5A1041810D9E100FBCE41 /* Debug */ = {
			isa = XCBuildConfiguration;
			buildSettings = {
				ALWAYS_SEARCH_USER_PATHS = NO;
				ARCHS = "$(ARCHS_STANDARD_INCLUDING_64_BIT)";
				CLANG_CXX_LANGUAGE_STANDARD = "gnu++0x";
				CLANG_CXX_LIBRARY = "libc++";
				CLANG_ENABLE_MODULES = YES;
				CLANG_ENABLE_OBJC_ARC = YES;
				CLANG_WARN_BOOL_CONVERSION = YES;
				CLANG_WARN_CONSTANT_CONVERSION = YES;
				CLANG_WARN_DIRECT_OBJC_ISA_USAGE = YES_ERROR;
				CLANG_WARN_EMPTY_BODY = YES;
				CLANG_WARN_ENUM_CONVERSION = YES;
				CLANG_WARN_INT_CONVERSION = YES;
				CLANG_WARN_OBJC_ROOT_CLASS = YES_ERROR;
				CLANG_WARN__DUPLICATE_METHOD_MATCH = YES;
				"CODE_SIGN_IDENTITY[sdk=iphoneos*]" = "iPhone Developer";
				COPY_PHASE_STRIP = NO;
				GCC_C_LANGUAGE_STANDARD = gnu99;
				GCC_DYNAMIC_NO_PIC = NO;
				GCC_OPTIMIZATION_LEVEL = 0;
				GCC_PREPROCESSOR_DEFINITIONS = (
					"DEBUG=1",
					"$(inherited)",
				);
				GCC_SYMBOLS_PRIVATE_EXTERN = NO;
				GCC_WARN_64_TO_32_BIT_CONVERSION = YES;
				GCC_WARN_ABOUT_RETURN_TYPE = YES_ERROR;
				GCC_WARN_UNDECLARED_SELECTOR = YES;
				GCC_WARN_UNINITIALIZED_AUTOS = YES;
				GCC_WARN_UNUSED_FUNCTION = YES;
				GCC_WARN_UNUSED_VARIABLE = YES;
				IPHONEOS_DEPLOYMENT_TARGET = 7.0;
				ONLY_ACTIVE_ARCH = YES;
				SDKROOT = iphoneos;
			};
			name = Debug;
		};
		96C5A1051810D9E100FBCE41 /* Release */ = {
			isa = XCBuildConfiguration;
			buildSettings = {
				ALWAYS_SEARCH_USER_PATHS = NO;
				ARCHS = "$(ARCHS_STANDARD_INCLUDING_64_BIT)";
				CLANG_CXX_LANGUAGE_STANDARD = "gnu++0x";
				CLANG_CXX_LIBRARY = "libc++";
				CLANG_ENABLE_MODULES = YES;
				CLANG_ENABLE_OBJC_ARC = YES;
				CLANG_WARN_BOOL_CONVERSION = YES;
				CLANG_WARN_CONSTANT_CONVERSION = YES;
				CLANG_WARN_DIRECT_OBJC_ISA_USAGE = YES_ERROR;
				CLANG_WARN_EMPTY_BODY = YES;
				CLANG_WARN_ENUM_CONVERSION = YES;
				CLANG_WARN_INT_CONVERSION = YES;
				CLANG_WARN_OBJC_ROOT_CLASS = YES_ERROR;
				CLANG_WARN__DUPLICATE_METHOD_MATCH = YES;
				"CODE_SIGN_IDENTITY[sdk=iphoneos*]" = "iPhone Developer";
				COPY_PHASE_STRIP = YES;
				ENABLE_NS_ASSERTIONS = NO;
				GCC_C_LANGUAGE_STANDARD = gnu99;
				GCC_WARN_64_TO_32_BIT_CONVERSION = YES;
				GCC_WARN_ABOUT_RETURN_TYPE = YES_ERROR;
				GCC_WARN_UNDECLARED_SELECTOR = YES;
				GCC_WARN_UNINITIALIZED_AUTOS = YES;
				GCC_WARN_UNUSED_FUNCTION = YES;
				GCC_WARN_UNUSED_VARIABLE = YES;
				IPHONEOS_DEPLOYMENT_TARGET = 7.0;
				SDKROOT = iphoneos;
				VALIDATE_PRODUCT = YES;
			};
			name = Release;
		};
		96C5A1071810D9E100FBCE41 /* Debug */ = {
			isa = XCBuildConfiguration;
			buildSettings = {
				ASSETCATALOG_COMPILER_APPICON_NAME = AppIcon;
				ASSETCATALOG_COMPILER_LAUNCHIMAGE_NAME = LaunchImage;
				GCC_PRECOMPILE_PREFIX_HEADER = YES;
				GCC_PREFIX_HEADER = "FirstApp/FirstApp-Prefix.pch";
				INFOPLIST_FILE = "FirstApp/FirstApp-Info.plist";
				PRODUCT_NAME = "$(TARGET_NAME)";
				WRAPPER_EXTENSION = app;
			};
			name = Debug;
		};
		96C5A1081810D9E100FBCE41 /* Release */ = {
			isa = XCBuildConfiguration;
			buildSettings = {
				ASSETCATALOG_COMPILER_APPICON_NAME = AppIcon;
				ASSETCATALOG_COMPILER_LAUNCHIMAGE_NAME = LaunchImage;
				GCC_PRECOMPILE_PREFIX_HEADER = YES;
				GCC_PREFIX_HEADER = "FirstApp/FirstApp-Prefix.pch";
				INFOPLIST_FILE = "FirstApp/FirstApp-Info.plist";
				PRODUCT_NAME = "$(TARGET_NAME)";
				WRAPPER_EXTENSION = app;
			};
			name = Release;
		};
		96C5A10A1810D9E100FBCE41 /* Debug */ = {
			isa = XCBuildConfiguration;
			buildSettings = {
				ARCHS = "$(ARCHS_STANDARD_INCLUDING_64_BIT)";
				BUNDLE_LOADER = "$(BUILT_PRODUCTS_DIR)/FirstApp.app/FirstApp";
				FRAMEWORK_SEARCH_PATHS = (
					"$(SDKROOT)/Developer/Library/Frameworks",
					"$(inherited)",
					"$(DEVELOPER_FRAMEWORKS_DIR)",
				);
				GCC_PRECOMPILE_PREFIX_HEADER = YES;
				GCC_PREFIX_HEADER = "FirstApp/FirstApp-Prefix.pch";
				GCC_PREPROCESSOR_DEFINITIONS = (
					"DEBUG=1",
					"$(inherited)",
				);
				INFOPLIST_FILE = "FirstAppTests/FirstAppTests-Info.plist";
				PRODUCT_NAME = "$(TARGET_NAME)";
				TEST_HOST = "$(BUNDLE_LOADER)";
				WRAPPER_EXTENSION = xctest;
			};
			name = Debug;
		};
		96C5A10B1810D9E100FBCE41 /* Release */ = {
			isa = XCBuildConfiguration;
			buildSettings = {
				ARCHS = "$(ARCHS_STANDARD_INCLUDING_64_BIT)";
				BUNDLE_LOADER = "$(BUILT_PRODUCTS_DIR)/FirstApp.app/FirstApp";
				FRAMEWORK_SEARCH_PATHS = (
					"$(SDKROOT)/Developer/Library/Frameworks",
					"$(inherited)",
					"$(DEVELOPER_FRAMEWORKS_DIR)",
				);
				GCC_PRECOMPILE_PREFIX_HEADER = YES;
				GCC_PREFIX_HEADER = "FirstApp/FirstApp-Prefix.pch";
				INFOPLIST_FILE = "FirstAppTests/FirstAppTests-Info.plist";
				PRODUCT_NAME = "$(TARGET_NAME)";
				TEST_HOST = "$(BUNDLE_LOADER)";
				WRAPPER_EXTENSION = xctest;
			};
			name = Release;
		};
/* End XCBuildConfiguration section */

/* Begin XCConfigurationList section */
		96C5A0CF1810D9E000FBCE41 /* Build configuration list for PBXProject "FirstApp" */ = {
			isa = XCConfigurationList;
			buildConfigurations = (
				96C5A1041810D9E100FBCE41 /* Debug */,
				96C5A1051810D9E100FBCE41 /* Release */,
			);
			defaultConfigurationIsVisible = 0;
			defaultConfigurationName = Release;
		};
		96C5A1061810D9E100FBCE41 /* Build configuration list for PBXNativeTarget "FirstApp" */ = {
			isa = XCConfigurationList;
			buildConfigurations = (
				96C5A1071810D9E100FBCE41 /* Debug */,
				96C5A1081810D9E100FBCE41 /* Release */,
			);
			defaultConfigurationIsVisible = 0;
			defaultConfigurationName = Release;
		};
		96C5A1091810D9E100FBCE41 /* Build configuration list for PBXNativeTarget "FirstAppTests" */ = {
			isa = XCConfigurationList;
			buildConfigurations = (
				96C5A10A1810D9E100FBCE41 /* Debug */,
				96C5A10B1810D9E100FBCE41 /* Release */,
			);
			defaultConfigurationIsVisible = 0;
			defaultConfigurationName = Release;
		};
/* End XCConfigurationList section */
	};
	rootObject = 96C5A0CC1810D9E000FBCE41 /* Project object */;
}
