<?xml version="1.0" encoding="UTF-8"?>
<!DOCTYPE plist PUBLIC "-//Apple//DTD PLIST 1.0//EN" "http://www.apple.com/DTDs/PropertyList-1.0.dtd">
<plist version="1.0">
<dict>
	<key>archiveVersion</key>
	<string>1</string>
	<key>classes</key>
	<dict/>
	<key>objectVersion</key>
	<string>46</string>
	<key>objects</key>
	<dict>
		<key>425FA16DEE264047836C8C96</key>
		<dict>
			<key>buildActionMask</key>
			<string>2147483647</string>
			<key>files</key>
			<array/>
			<key>inputPaths</key>
			<array/>
			<key>isa</key>
			<string>PBXShellScriptBuildPhase</string>
			<key>name</key>
			<string>Copy Pods Resources</string>
			<key>outputPaths</key>
			<array/>
			<key>runOnlyForDeploymentPostprocessing</key>
			<string>0</string>
			<key>shellPath</key>
			<string>/bin/sh</string>
			<key>shellScript</key>
			<string>"${SRCROOT}/Pods/Pods-resources.sh"
</string>
			<key>showEnvVarsInLog</key>
			<string>0</string>
		</dict>
		<key>746D6B95006047AFA5F01F84</key>
		<dict>
			<key>buildActionMask</key>
			<string>2147483647</string>
			<key>files</key>
			<array/>
			<key>inputPaths</key>
			<array/>
			<key>isa</key>
			<string>PBXShellScriptBuildPhase</string>
			<key>name</key>
			<string>Check Pods Manifest.lock</string>
			<key>outputPaths</key>
			<array/>
			<key>runOnlyForDeploymentPostprocessing</key>
			<string>0</string>
			<key>shellPath</key>
			<string>/bin/sh</string>
			<key>shellScript</key>
			<string>diff "${PODS_ROOT}/../Podfile.lock" "${PODS_ROOT}/Manifest.lock" &gt; /dev/null
if [[ $? != 0 ]] ; then
    cat &lt;&lt; EOM
error: The sandbox is not in sync with the Podfile.lock. Run 'pod install' or update your CocoaPods installation.
EOM
    exit 1
fi
</string>
			<key>showEnvVarsInLog</key>
			<string>0</string>
		</dict>
		<key>8BE8E77A1831D67D0066919B</key>
		<dict>
			<key>children</key>
			<array>
				<string>8BE8E78C1831D67D0066919B</string>
				<string>8BE8E7AE1831D67D0066919B</string>
				<string>8BE8E7851831D67D0066919B</string>
				<string>8BE8E7841831D67D0066919B</string>
				<string>DFE0E2F50BA9421FA00FC714</string>
			</array>
			<key>isa</key>
			<string>PBXGroup</string>
			<key>sourceTree</key>
			<string>&lt;group&gt;</string>
		</dict>
		<key>8BE8E77B1831D67D0066919B</key>
		<dict>
			<key>attributes</key>
			<dict>
				<key>CLASSPREFIX</key>
				<string>CF</string>
				<key>LastUpgradeCheck</key>
				<string>0500</string>
				<key>ORGANIZATIONNAME</key>
				<string>Code Fellows</string>
				<key>TargetAttributes</key>
				<dict>
					<key>8BE8E7A61831D67D0066919B</key>
					<dict>
						<key>TestTargetID</key>
						<string>8BE8E7821831D67D0066919B</string>
					</dict>
				</dict>
			</dict>
			<key>buildConfigurationList</key>
			<string>8BE8E77E1831D67D0066919B</string>
			<key>compatibilityVersion</key>
			<string>Xcode 3.2</string>
			<key>developmentRegion</key>
			<string>English</string>
			<key>hasScannedForEncodings</key>
			<string>0</string>
			<key>isa</key>
			<string>PBXProject</string>
			<key>knownRegions</key>
			<array>
				<string>en</string>
				<string>Base</string>
			</array>
			<key>mainGroup</key>
			<string>8BE8E77A1831D67D0066919B</string>
			<key>productRefGroup</key>
			<string>8BE8E7841831D67D0066919B</string>
			<key>projectDirPath</key>
			<string></string>
			<key>projectReferences</key>
			<array/>
			<key>projectRoot</key>
			<string></string>
			<key>targets</key>
			<array>
				<string>8BE8E7821831D67D0066919B</string>
				<string>8BE8E7A61831D67D0066919B</string>
			</array>
		</dict>
		<key>8BE8E77E1831D67D0066919B</key>
		<dict>
			<key>buildConfigurations</key>
			<array>
				<string>8BE8E7B61831D67D0066919B</string>
				<string>8BE8E7B71831D67D0066919B</string>
			</array>
			<key>defaultConfigurationIsVisible</key>
			<string>0</string>
			<key>defaultConfigurationName</key>
			<string>Release</string>
			<key>isa</key>
			<string>XCConfigurationList</string>
		</dict>
		<key>8BE8E77F1831D67D0066919B</key>
		<dict>
			<key>buildActionMask</key>
			<string>2147483647</string>
			<key>files</key>
			<array>
				<string>8BE8E7931831D67D0066919B</string>
				<string>8BE8E7971831D67D0066919B</string>
				<string>8BE8E7A01831D67D0066919B</string>
			</array>
			<key>isa</key>
			<string>PBXSourcesBuildPhase</string>
			<key>runOnlyForDeploymentPostprocessing</key>
			<string>0</string>
		</dict>
		<key>8BE8E7801831D67D0066919B</key>
		<dict>
			<key>buildActionMask</key>
			<string>2147483647</string>
			<key>files</key>
			<array>
				<string>8BE8E7891831D67D0066919B</string>
				<string>8BE8E78B1831D67D0066919B</string>
				<string>8BE8E7871831D67D0066919B</string>
				<string>C49E7415E9CD47E0BE6B090F</string>
			</array>
			<key>isa</key>
			<string>PBXFrameworksBuildPhase</string>
			<key>runOnlyForDeploymentPostprocessing</key>
			<string>0</string>
		</dict>
		<key>8BE8E7811831D67D0066919B</key>
		<dict>
			<key>buildActionMask</key>
			<string>2147483647</string>
			<key>files</key>
			<array>
				<string>8BE8E79D1831D67D0066919B</string>
				<string>8BE8E7A21831D67D0066919B</string>
				<string>8BE8E79A1831D67D0066919B</string>
				<string>8BE8E7911831D67D0066919B</string>
			</array>
			<key>isa</key>
			<string>PBXResourcesBuildPhase</string>
			<key>runOnlyForDeploymentPostprocessing</key>
			<string>0</string>
		</dict>
		<key>8BE8E7821831D67D0066919B</key>
		<dict>
			<key>buildConfigurationList</key>
			<string>8BE8E7B81831D67D0066919B</string>
			<key>buildPhases</key>
			<array>
				<string>746D6B95006047AFA5F01F84</string>
				<string>8BE8E77F1831D67D0066919B</string>
				<string>8BE8E7801831D67D0066919B</string>
				<string>8BE8E7811831D67D0066919B</string>
				<string>425FA16DEE264047836C8C96</string>
			</array>
			<key>buildRules</key>
			<array/>
			<key>dependencies</key>
			<array/>
			<key>isa</key>
			<string>PBXNativeTarget</string>
			<key>name</key>
			<string>NSURLSessionExample</string>
			<key>productName</key>
			<string>NSURLSessionExample</string>
			<key>productReference</key>
			<string>8BE8E7831831D67D0066919B</string>
			<key>productType</key>
			<string>com.apple.product-type.application</string>
		</dict>
		<key>8BE8E7831831D67D0066919B</key>
		<dict>
			<key>explicitFileType</key>
			<string>wrapper.application</string>
			<key>includeInIndex</key>
			<string>0</string>
			<key>isa</key>
			<string>PBXFileReference</string>
			<key>path</key>
			<string>NSURLSessionExample.app</string>
			<key>sourceTree</key>
			<string>BUILT_PRODUCTS_DIR</string>
		</dict>
		<key>8BE8E7841831D67D0066919B</key>
		<dict>
			<key>children</key>
			<array>
				<string>8BE8E7831831D67D0066919B</string>
				<string>8BE8E7A71831D67D0066919B</string>
			</array>
			<key>isa</key>
			<string>PBXGroup</string>
			<key>name</key>
			<string>Products</string>
			<key>sourceTree</key>
			<string>&lt;group&gt;</string>
		</dict>
		<key>8BE8E7851831D67D0066919B</key>
		<dict>
			<key>children</key>
			<array>
				<string>8BE8E7861831D67D0066919B</string>
				<string>8BE8E7881831D67D0066919B</string>
				<string>8BE8E78A1831D67D0066919B</string>
				<string>8BE8E7A81831D67D0066919B</string>
				<string>B2E76E9864C146C4970840DF</string>
			</array>
			<key>isa</key>
			<string>PBXGroup</string>
			<key>name</key>
			<string>Frameworks</string>
			<key>sourceTree</key>
			<string>&lt;group&gt;</string>
		</dict>
		<key>8BE8E7861831D67D0066919B</key>
		<dict>
			<key>isa</key>
			<string>PBXFileReference</string>
			<key>lastKnownFileType</key>
			<string>wrapper.framework</string>
			<key>name</key>
			<string>Foundation.framework</string>
			<key>path</key>
			<string>System/Library/Frameworks/Foundation.framework</string>
			<key>sourceTree</key>
			<string>SDKROOT</string>
		</dict>
		<key>8BE8E7871831D67D0066919B</key>
		<dict>
			<key>fileRef</key>
			<string>8BE8E7861831D67D0066919B</string>
			<key>isa</key>
			<string>PBXBuildFile</string>
		</dict>
		<key>8BE8E7881831D67D0066919B</key>
		<dict>
			<key>isa</key>
			<string>PBXFileReference</string>
			<key>lastKnownFileType</key>
			<string>wrapper.framework</string>
			<key>name</key>
			<string>CoreGraphics.framework</string>
			<key>path</key>
			<string>System/Library/Frameworks/CoreGraphics.framework</string>
			<key>sourceTree</key>
			<string>SDKROOT</string>
		</dict>
		<key>8BE8E7891831D67D0066919B</key>
		<dict>
			<key>fileRef</key>
			<string>8BE8E7881831D67D0066919B</string>
			<key>isa</key>
			<string>PBXBuildFile</string>
		</dict>
		<key>8BE8E78A1831D67D0066919B</key>
		<dict>
			<key>isa</key>
			<string>PBXFileReference</string>
			<key>lastKnownFileType</key>
			<string>wrapper.framework</string>
			<key>name</key>
			<string>UIKit.framework</string>
			<key>path</key>
			<string>System/Library/Frameworks/UIKit.framework</string>
			<key>sourceTree</key>
			<string>SDKROOT</string>
		</dict>
		<key>8BE8E78B1831D67D0066919B</key>
		<dict>
			<key>fileRef</key>
			<string>8BE8E78A1831D67D0066919B</string>
			<key>isa</key>
			<string>PBXBuildFile</string>
		</dict>
		<key>8BE8E78C1831D67D0066919B</key>
		<dict>
			<key>children</key>
			<array>
				<string>8BE8E7951831D67D0066919B</string>
				<string>8BE8E7961831D67D0066919B</string>
				<string>8BE8E7981831D67D0066919B</string>
				<string>8BE8E79B1831D67D0066919B</string>
				<string>8BE8E79E1831D67D0066919B</string>
				<string>8BE8E79F1831D67D0066919B</string>
				<string>8BE8E7A11831D67D0066919B</string>
				<string>8BE8E78D1831D67D0066919B</string>
			</array>
			<key>isa</key>
			<string>PBXGroup</string>
			<key>path</key>
			<string>NSURLSessionExample</string>
			<key>sourceTree</key>
			<string>&lt;group&gt;</string>
		</dict>
		<key>8BE8E78D1831D67D0066919B</key>
		<dict>
			<key>children</key>
			<array>
				<string>8BE8E78E1831D67D0066919B</string>
				<string>8BE8E78F1831D67D0066919B</string>
				<string>8BE8E7921831D67D0066919B</string>
				<string>8BE8E7941831D67D0066919B</string>
			</array>
			<key>isa</key>
			<string>PBXGroup</string>
			<key>name</key>
			<string>Supporting Files</string>
			<key>sourceTree</key>
			<string>&lt;group&gt;</string>
		</dict>
		<key>8BE8E78E1831D67D0066919B</key>
		<dict>
			<key>isa</key>
			<string>PBXFileReference</string>
			<key>lastKnownFileType</key>
			<string>text.plist.xml</string>
			<key>path</key>
			<string>NSURLSessionExample-Info.plist</string>
			<key>sourceTree</key>
			<string>&lt;group&gt;</string>
		</dict>
		<key>8BE8E78F1831D67D0066919B</key>
		<dict>
			<key>children</key>
			<array>
				<string>8BE8E7901831D67D0066919B</string>
			</array>
			<key>isa</key>
			<string>PBXVariantGroup</string>
			<key>name</key>
			<string>InfoPlist.strings</string>
			<key>sourceTree</key>
			<string>&lt;group&gt;</string>
		</dict>
		<key>8BE8E7901831D67D0066919B</key>
		<dict>
			<key>isa</key>
			<string>PBXFileReference</string>
			<key>lastKnownFileType</key>
			<string>text.plist.strings</string>
			<key>name</key>
			<string>en</string>
			<key>path</key>
			<string>en.lproj/InfoPlist.strings</string>
			<key>sourceTree</key>
			<string>&lt;group&gt;</string>
		</dict>
		<key>8BE8E7911831D67D0066919B</key>
		<dict>
			<key>fileRef</key>
			<string>8BE8E78F1831D67D0066919B</string>
			<key>isa</key>
			<string>PBXBuildFile</string>
		</dict>
		<key>8BE8E7921831D67D0066919B</key>
		<dict>
			<key>isa</key>
			<string>PBXFileReference</string>
			<key>lastKnownFileType</key>
			<string>sourcecode.c.objc</string>
			<key>path</key>
			<string>main.m</string>
			<key>sourceTree</key>
			<string>&lt;group&gt;</string>
		</dict>
		<key>8BE8E7931831D67D0066919B</key>
		<dict>
			<key>fileRef</key>
			<string>8BE8E7921831D67D0066919B</string>
			<key>isa</key>
			<string>PBXBuildFile</string>
		</dict>
		<key>8BE8E7941831D67D0066919B</key>
		<dict>
			<key>isa</key>
			<string>PBXFileReference</string>
			<key>lastKnownFileType</key>
			<string>sourcecode.c.h</string>
			<key>path</key>
			<string>NSURLSessionExample-Prefix.pch</string>
			<key>sourceTree</key>
			<string>&lt;group&gt;</string>
		</dict>
		<key>8BE8E7951831D67D0066919B</key>
		<dict>
			<key>isa</key>
			<string>PBXFileReference</string>
			<key>lastKnownFileType</key>
			<string>sourcecode.c.h</string>
			<key>path</key>
			<string>CFAppDelegate.h</string>
			<key>sourceTree</key>
			<string>&lt;group&gt;</string>
		</dict>
		<key>8BE8E7961831D67D0066919B</key>
		<dict>
			<key>isa</key>
			<string>PBXFileReference</string>
			<key>lastKnownFileType</key>
			<string>sourcecode.c.objc</string>
			<key>path</key>
			<string>CFAppDelegate.m</string>
			<key>sourceTree</key>
			<string>&lt;group&gt;</string>
		</dict>
		<key>8BE8E7971831D67D0066919B</key>
		<dict>
			<key>fileRef</key>
			<string>8BE8E7961831D67D0066919B</string>
			<key>isa</key>
			<string>PBXBuildFile</string>
		</dict>
		<key>8BE8E7981831D67D0066919B</key>
		<dict>
			<key>children</key>
			<array>
				<string>8BE8E7991831D67D0066919B</string>
			</array>
			<key>isa</key>
			<string>PBXVariantGroup</string>
			<key>name</key>
			<string>Main_iPhone.storyboard</string>
			<key>sourceTree</key>
			<string>&lt;group&gt;</string>
		</dict>
		<key>8BE8E7991831D67D0066919B</key>
		<dict>
			<key>isa</key>
			<string>PBXFileReference</string>
			<key>lastKnownFileType</key>
			<string>file.storyboard</string>
			<key>name</key>
			<string>Base</string>
			<key>path</key>
			<string>Base.lproj/Main_iPhone.storyboard</string>
			<key>sourceTree</key>
			<string>&lt;group&gt;</string>
		</dict>
		<key>8BE8E79A1831D67D0066919B</key>
		<dict>
			<key>fileRef</key>
			<string>8BE8E7981831D67D0066919B</string>
			<key>isa</key>
			<string>PBXBuildFile</string>
		</dict>
		<key>8BE8E79B1831D67D0066919B</key>
		<dict>
			<key>children</key>
			<array>
				<string>8BE8E79C1831D67D0066919B</string>
			</array>
			<key>isa</key>
			<string>PBXVariantGroup</string>
			<key>name</key>
			<string>Main_iPad.storyboard</string>
			<key>sourceTree</key>
			<string>&lt;group&gt;</string>
		</dict>
		<key>8BE8E79C1831D67D0066919B</key>
		<dict>
			<key>isa</key>
			<string>PBXFileReference</string>
			<key>lastKnownFileType</key>
			<string>file.storyboard</string>
			<key>name</key>
			<string>Base</string>
			<key>path</key>
			<string>Base.lproj/Main_iPad.storyboard</string>
			<key>sourceTree</key>
			<string>&lt;group&gt;</string>
		</dict>
		<key>8BE8E79D1831D67D0066919B</key>
		<dict>
			<key>fileRef</key>
			<string>8BE8E79B1831D67D0066919B</string>
			<key>isa</key>
			<string>PBXBuildFile</string>
		</dict>
		<key>8BE8E79E1831D67D0066919B</key>
		<dict>
			<key>isa</key>
			<string>PBXFileReference</string>
			<key>lastKnownFileType</key>
			<string>sourcecode.c.h</string>
			<key>path</key>
			<string>CFViewController.h</string>
			<key>sourceTree</key>
			<string>&lt;group&gt;</string>
		</dict>
		<key>8BE8E79F1831D67D0066919B</key>
		<dict>
			<key>isa</key>
			<string>PBXFileReference</string>
			<key>lastKnownFileType</key>
			<string>sourcecode.c.objc</string>
			<key>path</key>
			<string>CFViewController.m</string>
			<key>sourceTree</key>
			<string>&lt;group&gt;</string>
		</dict>
		<key>8BE8E7A01831D67D0066919B</key>
		<dict>
			<key>fileRef</key>
			<string>8BE8E79F1831D67D0066919B</string>
			<key>isa</key>
			<string>PBXBuildFile</string>
		</dict>
		<key>8BE8E7A11831D67D0066919B</key>
		<dict>
			<key>isa</key>
			<string>PBXFileReference</string>
			<key>lastKnownFileType</key>
			<string>folder.assetcatalog</string>
			<key>path</key>
			<string>Images.xcassets</string>
			<key>sourceTree</key>
			<string>&lt;group&gt;</string>
		</dict>
		<key>8BE8E7A21831D67D0066919B</key>
		<dict>
			<key>fileRef</key>
			<string>8BE8E7A11831D67D0066919B</string>
			<key>isa</key>
			<string>PBXBuildFile</string>
		</dict>
		<key>8BE8E7A31831D67D0066919B</key>
		<dict>
			<key>buildActionMask</key>
			<string>2147483647</string>
			<key>files</key>
			<array>
				<string>8BE8E7B51831D67D0066919B</string>
			</array>
			<key>isa</key>
			<string>PBXSourcesBuildPhase</string>
			<key>runOnlyForDeploymentPostprocessing</key>
			<string>0</string>
		</dict>
		<key>8BE8E7A41831D67D0066919B</key>
		<dict>
			<key>buildActionMask</key>
			<string>2147483647</string>
			<key>files</key>
			<array>
				<string>8BE8E7A91831D67D0066919B</string>
				<string>8BE8E7AB1831D67D0066919B</string>
				<string>8BE8E7AA1831D67D0066919B</string>
			</array>
			<key>isa</key>
			<string>PBXFrameworksBuildPhase</string>
			<key>runOnlyForDeploymentPostprocessing</key>
			<string>0</string>
		</dict>
		<key>8BE8E7A51831D67D0066919B</key>
		<dict>
			<key>buildActionMask</key>
			<string>2147483647</string>
			<key>files</key>
			<array>
				<string>8BE8E7B31831D67D0066919B</string>
			</array>
			<key>isa</key>
			<string>PBXResourcesBuildPhase</string>
			<key>runOnlyForDeploymentPostprocessing</key>
			<string>0</string>
		</dict>
		<key>8BE8E7A61831D67D0066919B</key>
		<dict>
			<key>buildConfigurationList</key>
			<string>8BE8E7BB1831D67D0066919B</string>
			<key>buildPhases</key>
			<array>
				<string>8BE8E7A31831D67D0066919B</string>
				<string>8BE8E7A41831D67D0066919B</string>
				<string>8BE8E7A51831D67D0066919B</string>
			</array>
			<key>buildRules</key>
			<array/>
			<key>dependencies</key>
			<array>
				<string>8BE8E7AD1831D67D0066919B</string>
			</array>
			<key>isa</key>
			<string>PBXNativeTarget</string>
			<key>name</key>
			<string>NSURLSessionExampleTests</string>
			<key>productName</key>
			<string>NSURLSessionExampleTests</string>
			<key>productReference</key>
			<string>8BE8E7A71831D67D0066919B</string>
			<key>productType</key>
			<string>com.apple.product-type.bundle.unit-test</string>
		</dict>
		<key>8BE8E7A71831D67D0066919B</key>
		<dict>
			<key>explicitFileType</key>
			<string>wrapper.cfbundle</string>
			<key>includeInIndex</key>
			<string>0</string>
			<key>isa</key>
			<string>PBXFileReference</string>
			<key>path</key>
			<string>NSURLSessionExampleTests.xctest</string>
			<key>sourceTree</key>
			<string>BUILT_PRODUCTS_DIR</string>
		</dict>
		<key>8BE8E7A81831D67D0066919B</key>
		<dict>
			<key>isa</key>
			<string>PBXFileReference</string>
			<key>lastKnownFileType</key>
			<string>wrapper.framework</string>
			<key>name</key>
			<string>XCTest.framework</string>
			<key>path</key>
			<string>Library/Frameworks/XCTest.framework</string>
			<key>sourceTree</key>
			<string>DEVELOPER_DIR</string>
		</dict>
		<key>8BE8E7A91831D67D0066919B</key>
		<dict>
			<key>fileRef</key>
			<string>8BE8E7A81831D67D0066919B</string>
			<key>isa</key>
			<string>PBXBuildFile</string>
		</dict>
		<key>8BE8E7AA1831D67D0066919B</key>
		<dict>
			<key>fileRef</key>
			<string>8BE8E7861831D67D0066919B</string>
			<key>isa</key>
			<string>PBXBuildFile</string>
		</dict>
		<key>8BE8E7AB1831D67D0066919B</key>
		<dict>
			<key>fileRef</key>
			<string>8BE8E78A1831D67D0066919B</string>
			<key>isa</key>
			<string>PBXBuildFile</string>
		</dict>
		<key>8BE8E7AC1831D67D0066919B</key>
		<dict>
			<key>containerPortal</key>
			<string>8BE8E77B1831D67D0066919B</string>
			<key>isa</key>
			<string>PBXContainerItemProxy</string>
			<key>proxyType</key>
			<string>1</string>
			<key>remoteGlobalIDString</key>
			<string>8BE8E7821831D67D0066919B</string>
			<key>remoteInfo</key>
			<string>NSURLSessionExample</string>
		</dict>
		<key>8BE8E7AD1831D67D0066919B</key>
		<dict>
			<key>isa</key>
			<string>PBXTargetDependency</string>
			<key>target</key>
			<string>8BE8E7821831D67D0066919B</string>
			<key>targetProxy</key>
			<string>8BE8E7AC1831D67D0066919B</string>
		</dict>
		<key>8BE8E7AE1831D67D0066919B</key>
		<dict>
			<key>children</key>
			<array>
				<string>8BE8E7B41831D67D0066919B</string>
				<string>8BE8E7AF1831D67D0066919B</string>
			</array>
			<key>isa</key>
			<string>PBXGroup</string>
			<key>path</key>
			<string>NSURLSessionExampleTests</string>
			<key>sourceTree</key>
			<string>&lt;group&gt;</string>
		</dict>
		<key>8BE8E7AF1831D67D0066919B</key>
		<dict>
			<key>children</key>
			<array>
				<string>8BE8E7B01831D67D0066919B</string>
				<string>8BE8E7B11831D67D0066919B</string>
			</array>
			<key>isa</key>
			<string>PBXGroup</string>
			<key>name</key>
			<string>Supporting Files</string>
			<key>sourceTree</key>
			<string>&lt;group&gt;</string>
		</dict>
		<key>8BE8E7B01831D67D0066919B</key>
		<dict>
			<key>isa</key>
			<string>PBXFileReference</string>
			<key>lastKnownFileType</key>
			<string>text.plist.xml</string>
			<key>path</key>
			<string>NSURLSessionExampleTests-Info.plist</string>
			<key>sourceTree</key>
			<string>&lt;group&gt;</string>
		</dict>
		<key>8BE8E7B11831D67D0066919B</key>
		<dict>
			<key>children</key>
			<array>
				<string>8BE8E7B21831D67D0066919B</string>
			</array>
			<key>isa</key>
			<string>PBXVariantGroup</string>
			<key>name</key>
			<string>InfoPlist.strings</string>
			<key>sourceTree</key>
			<string>&lt;group&gt;</string>
		</dict>
		<key>8BE8E7B21831D67D0066919B</key>
		<dict>
			<key>isa</key>
			<string>PBXFileReference</string>
			<key>lastKnownFileType</key>
			<string>text.plist.strings</string>
			<key>name</key>
			<string>en</string>
			<key>path</key>
			<string>en.lproj/InfoPlist.strings</string>
			<key>sourceTree</key>
			<string>&lt;group&gt;</string>
		</dict>
		<key>8BE8E7B31831D67D0066919B</key>
		<dict>
			<key>fileRef</key>
			<string>8BE8E7B11831D67D0066919B</string>
			<key>isa</key>
			<string>PBXBuildFile</string>
		</dict>
		<key>8BE8E7B41831D67D0066919B</key>
		<dict>
			<key>isa</key>
			<string>PBXFileReference</string>
			<key>lastKnownFileType</key>
			<string>sourcecode.c.objc</string>
			<key>path</key>
			<string>NSURLSessionExampleTests.m</string>
			<key>sourceTree</key>
			<string>&lt;group&gt;</string>
		</dict>
		<key>8BE8E7B51831D67D0066919B</key>
		<dict>
			<key>fileRef</key>
			<string>8BE8E7B41831D67D0066919B</string>
			<key>isa</key>
			<string>PBXBuildFile</string>
		</dict>
		<key>8BE8E7B61831D67D0066919B</key>
		<dict>
			<key>buildSettings</key>
			<dict>
				<key>ALWAYS_SEARCH_USER_PATHS</key>
				<string>NO</string>
				<key>ARCHS</key>
				<string>$(ARCHS_STANDARD_INCLUDING_64_BIT)</string>
				<key>CLANG_CXX_LANGUAGE_STANDARD</key>
				<string>gnu++0x</string>
				<key>CLANG_CXX_LIBRARY</key>
				<string>libc++</string>
				<key>CLANG_ENABLE_MODULES</key>
				<string>YES</string>
				<key>CLANG_ENABLE_OBJC_ARC</key>
				<string>YES</string>
				<key>CLANG_WARN_BOOL_CONVERSION</key>
				<string>YES</string>
				<key>CLANG_WARN_CONSTANT_CONVERSION</key>
				<string>YES</string>
				<key>CLANG_WARN_DIRECT_OBJC_ISA_USAGE</key>
				<string>YES_ERROR</string>
				<key>CLANG_WARN_EMPTY_BODY</key>
				<string>YES</string>
				<key>CLANG_WARN_ENUM_CONVERSION</key>
				<string>YES</string>
				<key>CLANG_WARN_INT_CONVERSION</key>
				<string>YES</string>
				<key>CLANG_WARN_OBJC_ROOT_CLASS</key>
				<string>YES_ERROR</string>
				<key>CLANG_WARN__DUPLICATE_METHOD_MATCH</key>
				<string>YES</string>
				<key>CODE_SIGN_IDENTITY[sdk=iphoneos*]</key>
				<string>iPhone Developer</string>
				<key>COPY_PHASE_STRIP</key>
				<string>NO</string>
				<key>GCC_C_LANGUAGE_STANDARD</key>
				<string>gnu99</string>
				<key>GCC_DYNAMIC_NO_PIC</key>
				<string>NO</string>
				<key>GCC_OPTIMIZATION_LEVEL</key>
				<string>0</string>
				<key>GCC_PREPROCESSOR_DEFINITIONS</key>
				<array>
					<string>DEBUG=1</string>
					<string>$(inherited)</string>
				</array>
				<key>GCC_SYMBOLS_PRIVATE_EXTERN</key>
				<string>NO</string>
				<key>GCC_WARN_64_TO_32_BIT_CONVERSION</key>
				<string>YES</string>
				<key>GCC_WARN_ABOUT_RETURN_TYPE</key>
				<string>YES_ERROR</string>
				<key>GCC_WARN_UNDECLARED_SELECTOR</key>
				<string>YES</string>
				<key>GCC_WARN_UNINITIALIZED_AUTOS</key>
				<string>YES</string>
				<key>GCC_WARN_UNUSED_FUNCTION</key>
				<string>YES</string>
				<key>GCC_WARN_UNUSED_VARIABLE</key>
				<string>YES</string>
				<key>IPHONEOS_DEPLOYMENT_TARGET</key>
				<string>7.0</string>
				<key>ONLY_ACTIVE_ARCH</key>
				<string>YES</string>
				<key>SDKROOT</key>
				<string>iphoneos</string>
				<key>TARGETED_DEVICE_FAMILY</key>
				<string>1,2</string>
			</dict>
			<key>isa</key>
			<string>XCBuildConfiguration</string>
			<key>name</key>
			<string>Debug</string>
		</dict>
		<key>8BE8E7B71831D67D0066919B</key>
		<dict>
			<key>buildSettings</key>
			<dict>
				<key>ALWAYS_SEARCH_USER_PATHS</key>
				<string>NO</string>
				<key>ARCHS</key>
				<string>$(ARCHS_STANDARD_INCLUDING_64_BIT)</string>
				<key>CLANG_CXX_LANGUAGE_STANDARD</key>
				<string>gnu++0x</string>
				<key>CLANG_CXX_LIBRARY</key>
				<string>libc++</string>
				<key>CLANG_ENABLE_MODULES</key>
				<string>YES</string>
				<key>CLANG_ENABLE_OBJC_ARC</key>
				<string>YES</string>
				<key>CLANG_WARN_BOOL_CONVERSION</key>
				<string>YES</string>
				<key>CLANG_WARN_CONSTANT_CONVERSION</key>
				<string>YES</string>
				<key>CLANG_WARN_DIRECT_OBJC_ISA_USAGE</key>
				<string>YES_ERROR</string>
				<key>CLANG_WARN_EMPTY_BODY</key>
				<string>YES</string>
				<key>CLANG_WARN_ENUM_CONVERSION</key>
				<string>YES</string>
				<key>CLANG_WARN_INT_CONVERSION</key>
				<string>YES</string>
				<key>CLANG_WARN_OBJC_ROOT_CLASS</key>
				<string>YES_ERROR</string>
				<key>CLANG_WARN__DUPLICATE_METHOD_MATCH</key>
				<string>YES</string>
				<key>CODE_SIGN_IDENTITY[sdk=iphoneos*]</key>
				<string>iPhone Developer</string>
				<key>COPY_PHASE_STRIP</key>
				<string>YES</string>
				<key>ENABLE_NS_ASSERTIONS</key>
				<string>NO</string>
				<key>GCC_C_LANGUAGE_STANDARD</key>
				<string>gnu99</string>
				<key>GCC_WARN_64_TO_32_BIT_CONVERSION</key>
				<string>YES</string>
				<key>GCC_WARN_ABOUT_RETURN_TYPE</key>
				<string>YES_ERROR</string>
				<key>GCC_WARN_UNDECLARED_SELECTOR</key>
				<string>YES</string>
				<key>GCC_WARN_UNINITIALIZED_AUTOS</key>
				<string>YES</string>
				<key>GCC_WARN_UNUSED_FUNCTION</key>
				<string>YES</string>
				<key>GCC_WARN_UNUSED_VARIABLE</key>
				<string>YES</string>
				<key>IPHONEOS_DEPLOYMENT_TARGET</key>
				<string>7.0</string>
				<key>SDKROOT</key>
				<string>iphoneos</string>
				<key>TARGETED_DEVICE_FAMILY</key>
				<string>1,2</string>
				<key>VALIDATE_PRODUCT</key>
				<string>YES</string>
			</dict>
			<key>isa</key>
			<string>XCBuildConfiguration</string>
			<key>name</key>
			<string>Release</string>
		</dict>
		<key>8BE8E7B81831D67D0066919B</key>
		<dict>
			<key>buildConfigurations</key>
			<array>
				<string>8BE8E7B91831D67D0066919B</string>
				<string>8BE8E7BA1831D67D0066919B</string>
			</array>
			<key>defaultConfigurationIsVisible</key>
			<string>0</string>
			<key>isa</key>
			<string>XCConfigurationList</string>
		</dict>
		<key>8BE8E7B91831D67D0066919B</key>
		<dict>
			<key>baseConfigurationReference</key>
			<string>DFE0E2F50BA9421FA00FC714</string>
			<key>buildSettings</key>
			<dict>
				<key>ASSETCATALOG_COMPILER_APPICON_NAME</key>
				<string>AppIcon</string>
				<key>ASSETCATALOG_COMPILER_LAUNCHIMAGE_NAME</key>
				<string>LaunchImage</string>
				<key>GCC_PRECOMPILE_PREFIX_HEADER</key>
				<string>YES</string>
				<key>GCC_PREFIX_HEADER</key>
				<string>NSURLSessionExample/NSURLSessionExample-Prefix.pch</string>
				<key>INFOPLIST_FILE</key>
				<string>NSURLSessionExample/NSURLSessionExample-Info.plist</string>
				<key>PRODUCT_NAME</key>
				<string>$(TARGET_NAME)</string>
				<key>WRAPPER_EXTENSION</key>
				<string>app</string>
			</dict>
			<key>isa</key>
			<string>XCBuildConfiguration</string>
			<key>name</key>
			<string>Debug</string>
		</dict>
		<key>8BE8E7BA1831D67D0066919B</key>
		<dict>
			<key>baseConfigurationReference</key>
			<string>DFE0E2F50BA9421FA00FC714</string>
			<key>buildSettings</key>
			<dict>
				<key>ASSETCATALOG_COMPILER_APPICON_NAME</key>
				<string>AppIcon</string>
				<key>ASSETCATALOG_COMPILER_LAUNCHIMAGE_NAME</key>
				<string>LaunchImage</string>
				<key>GCC_PRECOMPILE_PREFIX_HEADER</key>
				<string>YES</string>
				<key>GCC_PREFIX_HEADER</key>
				<string>NSURLSessionExample/NSURLSessionExample-Prefix.pch</string>
				<key>INFOPLIST_FILE</key>
				<string>NSURLSessionExample/NSURLSessionExample-Info.plist</string>
				<key>PRODUCT_NAME</key>
				<string>$(TARGET_NAME)</string>
				<key>WRAPPER_EXTENSION</key>
				<string>app</string>
			</dict>
			<key>isa</key>
			<string>XCBuildConfiguration</string>
			<key>name</key>
			<string>Release</string>
		</dict>
		<key>8BE8E7BB1831D67D0066919B</key>
		<dict>
			<key>buildConfigurations</key>
			<array>
				<string>8BE8E7BC1831D67D0066919B</string>
				<string>8BE8E7BD1831D67D0066919B</string>
			</array>
			<key>defaultConfigurationIsVisible</key>
			<string>0</string>
			<key>isa</key>
			<string>XCConfigurationList</string>
		</dict>
		<key>8BE8E7BC1831D67D0066919B</key>
		<dict>
			<key>buildSettings</key>
			<dict>
				<key>ARCHS</key>
				<string>$(ARCHS_STANDARD_INCLUDING_64_BIT)</string>
				<key>BUNDLE_LOADER</key>
				<string>$(BUILT_PRODUCTS_DIR)/NSURLSessionExample.app/NSURLSessionExample</string>
				<key>FRAMEWORK_SEARCH_PATHS</key>
				<array>
					<string>$(SDKROOT)/Developer/Library/Frameworks</string>
					<string>$(inherited)</string>
					<string>$(DEVELOPER_FRAMEWORKS_DIR)</string>
				</array>
				<key>GCC_PRECOMPILE_PREFIX_HEADER</key>
				<string>YES</string>
				<key>GCC_PREFIX_HEADER</key>
				<string>NSURLSessionExample/NSURLSessionExample-Prefix.pch</string>
				<key>GCC_PREPROCESSOR_DEFINITIONS</key>
				<array>
					<string>DEBUG=1</string>
					<string>$(inherited)</string>
				</array>
				<key>INFOPLIST_FILE</key>
				<string>NSURLSessionExampleTests/NSURLSessionExampleTests-Info.plist</string>
				<key>PRODUCT_NAME</key>
				<string>$(TARGET_NAME)</string>
				<key>TEST_HOST</key>
				<string>$(BUNDLE_LOADER)</string>
				<key>WRAPPER_EXTENSION</key>
				<string>xctest</string>
			</dict>
			<key>isa</key>
			<string>XCBuildConfiguration</string>
			<key>name</key>
			<string>Debug</string>
		</dict>
		<key>8BE8E7BD1831D67D0066919B</key>
		<dict>
			<key>buildSettings</key>
			<dict>
				<key>ARCHS</key>
				<string>$(ARCHS_STANDARD_INCLUDING_64_BIT)</string>
				<key>BUNDLE_LOADER</key>
				<string>$(BUILT_PRODUCTS_DIR)/NSURLSessionExample.app/NSURLSessionExample</string>
				<key>FRAMEWORK_SEARCH_PATHS</key>
				<array>
					<string>$(SDKROOT)/Developer/Library/Frameworks</string>
					<string>$(inherited)</string>
					<string>$(DEVELOPER_FRAMEWORKS_DIR)</string>
				</array>
				<key>GCC_PRECOMPILE_PREFIX_HEADER</key>
				<string>YES</string>
				<key>GCC_PREFIX_HEADER</key>
				<string>NSURLSessionExample/NSURLSessionExample-Prefix.pch</string>
				<key>INFOPLIST_FILE</key>
				<string>NSURLSessionExampleTests/NSURLSessionExampleTests-Info.plist</string>
				<key>PRODUCT_NAME</key>
				<string>$(TARGET_NAME)</string>
				<key>TEST_HOST</key>
				<string>$(BUNDLE_LOADER)</string>
				<key>WRAPPER_EXTENSION</key>
				<string>xctest</string>
			</dict>
			<key>isa</key>
			<string>XCBuildConfiguration</string>
			<key>name</key>
			<string>Release</string>
		</dict>
		<key>B2E76E9864C146C4970840DF</key>
		<dict>
			<key>explicitFileType</key>
			<string>archive.ar</string>
			<key>includeInIndex</key>
			<string>0</string>
			<key>isa</key>
			<string>PBXFileReference</string>
			<key>path</key>
			<string>libPods.a</string>
			<key>sourceTree</key>
			<string>BUILT_PRODUCTS_DIR</string>
		</dict>
		<key>C49E7415E9CD47E0BE6B090F</key>
		<dict>
			<key>fileRef</key>
			<string>B2E76E9864C146C4970840DF</string>
			<key>isa</key>
			<string>PBXBuildFile</string>
		</dict>
		<key>DFE0E2F50BA9421FA00FC714</key>
		<dict>
			<key>includeInIndex</key>
			<string>1</string>
			<key>isa</key>
			<string>PBXFileReference</string>
			<key>lastKnownFileType</key>
			<string>text.xcconfig</string>
			<key>name</key>
			<string>Pods.xcconfig</string>
			<key>path</key>
			<string>Pods/Pods.xcconfig</string>
			<key>sourceTree</key>
			<string>&lt;group&gt;</string>
		</dict>
	</dict>
	<key>rootObject</key>
	<string>8BE8E77B1831D67D0066919B</string>
</dict>
</plist>
