<?xml version="1.0" encoding="UTF-8"?>
<!DOCTYPE plist PUBLIC "-//Apple//DTD PLIST 1.0//EN" "http://www.apple.com/DTDs/PropertyList-1.0.dtd">
<plist version="1.0">
<dict>
	<key>archiveVersion</key>
	<string>1</string>
	<key>classes</key>
	<dict/>
	<key>objectVersion</key>
	<string>46</string>
	<key>objects</key>
	<dict>
		<key>EF5CDD5617E8FE79003F6870</key>
		<dict>
			<key>fileEncoding</key>
			<string>4</string>
			<key>isa</key>
			<string>PBXFileReference</string>
			<key>lastKnownFileType</key>
			<string>sourcecode.c.h</string>
			<key>path</key>
			<string>LTAnnotation.h</string>
			<key>sourceTree</key>
			<string>&lt;group&gt;</string>
		</dict>
		<key>EF5CDD5717E8FE79003F6870</key>
		<dict>
			<key>fileEncoding</key>
			<string>4</string>
			<key>isa</key>
			<string>PBXFileReference</string>
			<key>lastKnownFileType</key>
			<string>sourcecode.c.objc</string>
			<key>path</key>
			<string>LTAnnotation.m</string>
			<key>sourceTree</key>
			<string>&lt;group&gt;</string>
		</dict>
		<key>EF5CDD5817E8FE79003F6870</key>
		<dict>
			<key>fileRef</key>
			<string>EF5CDD5717E8FE79003F6870</string>
			<key>isa</key>
			<string>PBXBuildFile</string>
		</dict>
		<key>EF703CAE17E8F64A0073ADAE</key>
		<dict>
			<key>children</key>
			<array>
				<string>EF703CC017E8F64A0073ADAE</string>
				<string>EF703CDF17E8F64A0073ADAE</string>
				<string>EF703CB917E8F64A0073ADAE</string>
				<string>EF703CB817E8F64A0073ADAE</string>
			</array>
			<key>isa</key>
			<string>PBXGroup</string>
			<key>sourceTree</key>
			<string>&lt;group&gt;</string>
		</dict>
		<key>EF703CAF17E8F64A0073ADAE</key>
		<dict>
			<key>attributes</key>
			<dict>
				<key>CLASSPREFIX</key>
				<string>LT</string>
				<key>LastUpgradeCheck</key>
				<string>0500</string>
				<key>ORGANIZATIONNAME</key>
				<string>Code Fellows</string>
				<key>TargetAttributes</key>
				<dict>
					<key>EF703CD717E8F64A0073ADAE</key>
					<dict>
						<key>TestTargetID</key>
						<string>EF703CB617E8F64A0073ADAE</string>
					</dict>
				</dict>
			</dict>
			<key>buildConfigurationList</key>
			<string>EF703CB217E8F64A0073ADAE</string>
			<key>compatibilityVersion</key>
			<string>Xcode 3.2</string>
			<key>developmentRegion</key>
			<string>English</string>
			<key>hasScannedForEncodings</key>
			<string>0</string>
			<key>isa</key>
			<string>PBXProject</string>
			<key>knownRegions</key>
			<array>
				<string>en</string>
				<string>Base</string>
			</array>
			<key>mainGroup</key>
			<string>EF703CAE17E8F64A0073ADAE</string>
			<key>productRefGroup</key>
			<string>EF703CB817E8F64A0073ADAE</string>
			<key>projectDirPath</key>
			<string></string>
			<key>projectRoot</key>
			<string></string>
			<key>targets</key>
			<array>
				<string>EF703CB617E8F64A0073ADAE</string>
				<string>EF703CD717E8F64A0073ADAE</string>
			</array>
		</dict>
		<key>EF703CB217E8F64A0073ADAE</key>
		<dict>
			<key>buildConfigurations</key>
			<array>
				<string>EF703CE717E8F64A0073ADAE</string>
				<string>EF703CE817E8F64A0073ADAE</string>
			</array>
			<key>defaultConfigurationIsVisible</key>
			<string>0</string>
			<key>defaultConfigurationName</key>
			<string>Release</string>
			<key>isa</key>
			<string>XCConfigurationList</string>
		</dict>
		<key>EF703CB317E8F64A0073ADAE</key>
		<dict>
			<key>buildActionMask</key>
			<string>2147483647</string>
			<key>files</key>
			<array>
				<string>EF5CDD5817E8FE79003F6870</string>
				<string>EF703CCB17E8F64A0073ADAE</string>
				<string>EF703CC717E8F64A0073ADAE</string>
				<string>EF703CD117E8F64A0073ADAE</string>
			</array>
			<key>isa</key>
			<string>PBXSourcesBuildPhase</string>
			<key>runOnlyForDeploymentPostprocessing</key>
			<string>0</string>
		</dict>
		<key>EF703CB417E8F64A0073ADAE</key>
		<dict>
			<key>buildActionMask</key>
			<string>2147483647</string>
			<key>files</key>
			<array>
				<string>EF703CF017E8F6510073ADAE</string>
				<string>EF703CBD17E8F64A0073ADAE</string>
				<string>EF703CBF17E8F64A0073ADAE</string>
				<string>EF703CBB17E8F64A0073ADAE</string>
				<string>KIYDQKWBMRKIEYEVRWSLKUDQ</string>
				<string>KNPONLATPTEBRUFEBXNXFHCQ</string>
			</array>
			<key>isa</key>
			<string>PBXFrameworksBuildPhase</string>
			<key>runOnlyForDeploymentPostprocessing</key>
			<string>0</string>
		</dict>
		<key>EF703CB517E8F64A0073ADAE</key>
		<dict>
			<key>buildActionMask</key>
			<string>2147483647</string>
			<key>files</key>
			<array>
				<string>EF703CD317E8F64A0073ADAE</string>
				<string>EF703CC517E8F64A0073ADAE</string>
				<string>EF703CCE17E8F64A0073ADAE</string>
			</array>
			<key>isa</key>
			<string>PBXResourcesBuildPhase</string>
			<key>runOnlyForDeploymentPostprocessing</key>
			<string>0</string>
		</dict>
		<key>EF703CB617E8F64A0073ADAE</key>
		<dict>
			<key>buildConfigurationList</key>
			<string>EF703CE917E8F64A0073ADAE</string>
			<key>buildPhases</key>
			<array>
				<string>EF703CB317E8F64A0073ADAE</string>
				<string>EF703CB417E8F64A0073ADAE</string>
				<string>EF703CB517E8F64A0073ADAE</string>
			</array>
			<key>buildRules</key>
			<array/>
			<key>dependencies</key>
			<array/>
			<key>isa</key>
			<string>PBXNativeTarget</string>
			<key>name</key>
			<string>location test</string>
			<key>productName</key>
			<string>location test</string>
			<key>productReference</key>
			<string>EF703CB717E8F64A0073ADAE</string>
			<key>productType</key>
			<string>com.apple.product-type.application</string>
		</dict>
		<key>EF703CB717E8F64A0073ADAE</key>
		<dict>
			<key>explicitFileType</key>
			<string>wrapper.application</string>
			<key>includeInIndex</key>
			<string>0</string>
			<key>isa</key>
			<string>PBXFileReference</string>
			<key>path</key>
			<string>location test.app</string>
			<key>sourceTree</key>
			<string>BUILT_PRODUCTS_DIR</string>
		</dict>
		<key>EF703CB817E8F64A0073ADAE</key>
		<dict>
			<key>children</key>
			<array>
				<string>EF703CB717E8F64A0073ADAE</string>
				<string>EF703CD817E8F64A0073ADAE</string>
			</array>
			<key>isa</key>
			<string>PBXGroup</string>
			<key>name</key>
			<string>Products</string>
			<key>sourceTree</key>
			<string>&lt;group&gt;</string>
		</dict>
		<key>EF703CB917E8F64A0073ADAE</key>
		<dict>
			<key>children</key>
			<array>
				<string>EF703CEF17E8F6510073ADAE</string>
				<string>EF703CBA17E8F64A0073ADAE</string>
				<string>EF703CBC17E8F64A0073ADAE</string>
				<string>EF703CBE17E8F64A0073ADAE</string>
				<string>EF703CD917E8F64A0073ADAE</string>
				<string>HYXIFWTDXJPPRRMDCEPMDTJH</string>
				<string>THBDITSPYVFDWQYYBDCIDIXG</string>
				<string>QMNTBWVDMICWTEJGUAKXRYSM</string>
			</array>
			<key>isa</key>
			<string>PBXGroup</string>
			<key>name</key>
			<string>Frameworks</string>
			<key>sourceTree</key>
			<string>&lt;group&gt;</string>
		</dict>
		<key>EF703CBA17E8F64A0073ADAE</key>
		<dict>
			<key>isa</key>
			<string>PBXFileReference</string>
			<key>lastKnownFileType</key>
			<string>wrapper.framework</string>
			<key>name</key>
			<string>Foundation.framework</string>
			<key>path</key>
			<string>System/Library/Frameworks/Foundation.framework</string>
			<key>sourceTree</key>
			<string>SDKROOT</string>
		</dict>
		<key>EF703CBB17E8F64A0073ADAE</key>
		<dict>
			<key>fileRef</key>
			<string>EF703CBA17E8F64A0073ADAE</string>
			<key>isa</key>
			<string>PBXBuildFile</string>
		</dict>
		<key>EF703CBC17E8F64A0073ADAE</key>
		<dict>
			<key>isa</key>
			<string>PBXFileReference</string>
			<key>lastKnownFileType</key>
			<string>wrapper.framework</string>
			<key>name</key>
			<string>CoreGraphics.framework</string>
			<key>path</key>
			<string>System/Library/Frameworks/CoreGraphics.framework</string>
			<key>sourceTree</key>
			<string>SDKROOT</string>
		</dict>
		<key>EF703CBD17E8F64A0073ADAE</key>
		<dict>
			<key>fileRef</key>
			<string>EF703CBC17E8F64A0073ADAE</string>
			<key>isa</key>
			<string>PBXBuildFile</string>
		</dict>
		<key>EF703CBE17E8F64A0073ADAE</key>
		<dict>
			<key>isa</key>
			<string>PBXFileReference</string>
			<key>lastKnownFileType</key>
			<string>wrapper.framework</string>
			<key>name</key>
			<string>UIKit.framework</string>
			<key>path</key>
			<string>System/Library/Frameworks/UIKit.framework</string>
			<key>sourceTree</key>
			<string>SDKROOT</string>
		</dict>
		<key>EF703CBF17E8F64A0073ADAE</key>
		<dict>
			<key>fileRef</key>
			<string>EF703CBE17E8F64A0073ADAE</string>
			<key>isa</key>
			<string>PBXBuildFile</string>
		</dict>
		<key>EF703CC017E8F64A0073ADAE</key>
		<dict>
			<key>children</key>
			<array>
				<string>EF703CC917E8F64A0073ADAE</string>
				<string>EF703CCA17E8F64A0073ADAE</string>
				<string>EF703CCC17E8F64A0073ADAE</string>
				<string>EF703CCF17E8F64A0073ADAE</string>
				<string>EF703CD017E8F64A0073ADAE</string>
				<string>EF703CD217E8F64A0073ADAE</string>
				<string>EF703CC117E8F64A0073ADAE</string>
				<string>EF5CDD5617E8FE79003F6870</string>
				<string>EF5CDD5717E8FE79003F6870</string>
			</array>
			<key>isa</key>
			<string>PBXGroup</string>
			<key>path</key>
			<string>location test</string>
			<key>sourceTree</key>
			<string>&lt;group&gt;</string>
		</dict>
		<key>EF703CC117E8F64A0073ADAE</key>
		<dict>
			<key>children</key>
			<array>
				<string>EF703CC217E8F64A0073ADAE</string>
				<string>EF703CC317E8F64A0073ADAE</string>
				<string>EF703CC617E8F64A0073ADAE</string>
				<string>EF703CC817E8F64A0073ADAE</string>
			</array>
			<key>isa</key>
			<string>PBXGroup</string>
			<key>name</key>
			<string>Supporting Files</string>
			<key>sourceTree</key>
			<string>&lt;group&gt;</string>
		</dict>
		<key>EF703CC217E8F64A0073ADAE</key>
		<dict>
			<key>isa</key>
			<string>PBXFileReference</string>
			<key>lastKnownFileType</key>
			<string>text.plist.xml</string>
			<key>path</key>
			<string>location test-Info.plist</string>
			<key>sourceTree</key>
			<string>&lt;group&gt;</string>
		</dict>
		<key>EF703CC317E8F64A0073ADAE</key>
		<dict>
			<key>children</key>
			<array>
				<string>EF703CC417E8F64A0073ADAE</string>
			</array>
			<key>isa</key>
			<string>PBXVariantGroup</string>
			<key>name</key>
			<string>InfoPlist.strings</string>
			<key>sourceTree</key>
			<string>&lt;group&gt;</string>
		</dict>
		<key>EF703CC417E8F64A0073ADAE</key>
		<dict>
			<key>isa</key>
			<string>PBXFileReference</string>
			<key>lastKnownFileType</key>
			<string>text.plist.strings</string>
			<key>name</key>
			<string>en</string>
			<key>path</key>
			<string>en.lproj/InfoPlist.strings</string>
			<key>sourceTree</key>
			<string>&lt;group&gt;</string>
		</dict>
		<key>EF703CC517E8F64A0073ADAE</key>
		<dict>
			<key>fileRef</key>
			<string>EF703CC317E8F64A0073ADAE</string>
			<key>isa</key>
			<string>PBXBuildFile</string>
		</dict>
		<key>EF703CC617E8F64A0073ADAE</key>
		<dict>
			<key>isa</key>
			<string>PBXFileReference</string>
			<key>lastKnownFileType</key>
			<string>sourcecode.c.objc</string>
			<key>path</key>
			<string>main.m</string>
			<key>sourceTree</key>
			<string>&lt;group&gt;</string>
		</dict>
		<key>EF703CC717E8F64A0073ADAE</key>
		<dict>
			<key>fileRef</key>
			<string>EF703CC617E8F64A0073ADAE</string>
			<key>isa</key>
			<string>PBXBuildFile</string>
		</dict>
		<key>EF703CC817E8F64A0073ADAE</key>
		<dict>
			<key>isa</key>
			<string>PBXFileReference</string>
			<key>lastKnownFileType</key>
			<string>sourcecode.c.h</string>
			<key>path</key>
			<string>location test-Prefix.pch</string>
			<key>sourceTree</key>
			<string>&lt;group&gt;</string>
		</dict>
		<key>EF703CC917E8F64A0073ADAE</key>
		<dict>
			<key>isa</key>
			<string>PBXFileReference</string>
			<key>lastKnownFileType</key>
			<string>sourcecode.c.h</string>
			<key>path</key>
			<string>LTAppDelegate.h</string>
			<key>sourceTree</key>
			<string>&lt;group&gt;</string>
		</dict>
		<key>EF703CCA17E8F64A0073ADAE</key>
		<dict>
			<key>isa</key>
			<string>PBXFileReference</string>
			<key>lastKnownFileType</key>
			<string>sourcecode.c.objc</string>
			<key>path</key>
			<string>LTAppDelegate.m</string>
			<key>sourceTree</key>
			<string>&lt;group&gt;</string>
		</dict>
		<key>EF703CCB17E8F64A0073ADAE</key>
		<dict>
			<key>fileRef</key>
			<string>EF703CCA17E8F64A0073ADAE</string>
			<key>isa</key>
			<string>PBXBuildFile</string>
		</dict>
		<key>EF703CCC17E8F64A0073ADAE</key>
		<dict>
			<key>children</key>
			<array>
				<string>EF703CCD17E8F64A0073ADAE</string>
			</array>
			<key>isa</key>
			<string>PBXVariantGroup</string>
			<key>name</key>
			<string>Main.storyboard</string>
			<key>sourceTree</key>
			<string>&lt;group&gt;</string>
		</dict>
		<key>EF703CCD17E8F64A0073ADAE</key>
		<dict>
			<key>isa</key>
			<string>PBXFileReference</string>
			<key>lastKnownFileType</key>
			<string>file.storyboard</string>
			<key>name</key>
			<string>Base</string>
			<key>path</key>
			<string>Base.lproj/Main.storyboard</string>
			<key>sourceTree</key>
			<string>&lt;group&gt;</string>
		</dict>
		<key>EF703CCE17E8F64A0073ADAE</key>
		<dict>
			<key>fileRef</key>
			<string>EF703CCC17E8F64A0073ADAE</string>
			<key>isa</key>
			<string>PBXBuildFile</string>
		</dict>
		<key>EF703CCF17E8F64A0073ADAE</key>
		<dict>
			<key>isa</key>
			<string>PBXFileReference</string>
			<key>lastKnownFileType</key>
			<string>sourcecode.c.h</string>
			<key>path</key>
			<string>LTViewController.h</string>
			<key>sourceTree</key>
			<string>&lt;group&gt;</string>
		</dict>
		<key>EF703CD017E8F64A0073ADAE</key>
		<dict>
			<key>isa</key>
			<string>PBXFileReference</string>
			<key>lastKnownFileType</key>
			<string>sourcecode.c.objc</string>
			<key>path</key>
			<string>LTViewController.m</string>
			<key>sourceTree</key>
			<string>&lt;group&gt;</string>
		</dict>
		<key>EF703CD117E8F64A0073ADAE</key>
		<dict>
			<key>fileRef</key>
			<string>EF703CD017E8F64A0073ADAE</string>
			<key>isa</key>
			<string>PBXBuildFile</string>
		</dict>
		<key>EF703CD217E8F64A0073ADAE</key>
		<dict>
			<key>isa</key>
			<string>PBXFileReference</string>
			<key>lastKnownFileType</key>
			<string>folder.assetcatalog</string>
			<key>path</key>
			<string>Images.xcassets</string>
			<key>sourceTree</key>
			<string>&lt;group&gt;</string>
		</dict>
		<key>EF703CD317E8F64A0073ADAE</key>
		<dict>
			<key>fileRef</key>
			<string>EF703CD217E8F64A0073ADAE</string>
			<key>isa</key>
			<string>PBXBuildFile</string>
		</dict>
		<key>EF703CD417E8F64A0073ADAE</key>
		<dict>
			<key>buildActionMask</key>
			<string>2147483647</string>
			<key>files</key>
			<array>
				<string>EF703CE617E8F64A0073ADAE</string>
			</array>
			<key>isa</key>
			<string>PBXSourcesBuildPhase</string>
			<key>runOnlyForDeploymentPostprocessing</key>
			<string>0</string>
		</dict>
		<key>EF703CD517E8F64A0073ADAE</key>
		<dict>
			<key>buildActionMask</key>
			<string>2147483647</string>
			<key>files</key>
			<array>
				<string>EF703CDA17E8F64A0073ADAE</string>
				<string>EF703CDC17E8F64A0073ADAE</string>
				<string>EF703CDB17E8F64A0073ADAE</string>
			</array>
			<key>isa</key>
			<string>PBXFrameworksBuildPhase</string>
			<key>runOnlyForDeploymentPostprocessing</key>
			<string>0</string>
		</dict>
		<key>EF703CD617E8F64A0073ADAE</key>
		<dict>
			<key>buildActionMask</key>
			<string>2147483647</string>
			<key>files</key>
			<array>
				<string>EF703CE417E8F64A0073ADAE</string>
			</array>
			<key>isa</key>
			<string>PBXResourcesBuildPhase</string>
			<key>runOnlyForDeploymentPostprocessing</key>
			<string>0</string>
		</dict>
		<key>EF703CD717E8F64A0073ADAE</key>
		<dict>
			<key>buildConfigurationList</key>
			<string>EF703CEC17E8F64A0073ADAE</string>
			<key>buildPhases</key>
			<array>
				<string>EF703CD417E8F64A0073ADAE</string>
				<string>EF703CD517E8F64A0073ADAE</string>
				<string>EF703CD617E8F64A0073ADAE</string>
			</array>
			<key>buildRules</key>
			<array/>
			<key>dependencies</key>
			<array>
				<string>EF703CDE17E8F64A0073ADAE</string>
			</array>
			<key>isa</key>
			<string>PBXNativeTarget</string>
			<key>name</key>
			<string>location testTests</string>
			<key>productName</key>
			<string>location testTests</string>
			<key>productReference</key>
			<string>EF703CD817E8F64A0073ADAE</string>
			<key>productType</key>
			<string>com.apple.product-type.bundle.unit-test</string>
		</dict>
		<key>EF703CD817E8F64A0073ADAE</key>
		<dict>
			<key>explicitFileType</key>
			<string>wrapper.cfbundle</string>
			<key>includeInIndex</key>
			<string>0</string>
			<key>isa</key>
			<string>PBXFileReference</string>
			<key>path</key>
			<string>location testTests.xctest</string>
			<key>sourceTree</key>
			<string>BUILT_PRODUCTS_DIR</string>
		</dict>
		<key>EF703CD917E8F64A0073ADAE</key>
		<dict>
			<key>isa</key>
			<string>PBXFileReference</string>
			<key>lastKnownFileType</key>
			<string>wrapper.framework</string>
			<key>name</key>
			<string>XCTest.framework</string>
			<key>path</key>
			<string>Library/Frameworks/XCTest.framework</string>
			<key>sourceTree</key>
			<string>DEVELOPER_DIR</string>
		</dict>
		<key>EF703CDA17E8F64A0073ADAE</key>
		<dict>
			<key>fileRef</key>
			<string>EF703CD917E8F64A0073ADAE</string>
			<key>isa</key>
			<string>PBXBuildFile</string>
		</dict>
		<key>EF703CDB17E8F64A0073ADAE</key>
		<dict>
			<key>fileRef</key>
			<string>EF703CBA17E8F64A0073ADAE</string>
			<key>isa</key>
			<string>PBXBuildFile</string>
		</dict>
		<key>EF703CDC17E8F64A0073ADAE</key>
		<dict>
			<key>fileRef</key>
			<string>EF703CBE17E8F64A0073ADAE</string>
			<key>isa</key>
			<string>PBXBuildFile</string>
		</dict>
		<key>EF703CDD17E8F64A0073ADAE</key>
		<dict>
			<key>containerPortal</key>
			<string>EF703CAF17E8F64A0073ADAE</string>
			<key>isa</key>
			<string>PBXContainerItemProxy</string>
			<key>proxyType</key>
			<string>1</string>
			<key>remoteGlobalIDString</key>
			<string>EF703CB617E8F64A0073ADAE</string>
			<key>remoteInfo</key>
			<string>location test</string>
		</dict>
		<key>EF703CDE17E8F64A0073ADAE</key>
		<dict>
			<key>isa</key>
			<string>PBXTargetDependency</string>
			<key>target</key>
			<string>EF703CB617E8F64A0073ADAE</string>
			<key>targetProxy</key>
			<string>EF703CDD17E8F64A0073ADAE</string>
		</dict>
		<key>EF703CDF17E8F64A0073ADAE</key>
		<dict>
			<key>children</key>
			<array>
				<string>EF703CE517E8F64A0073ADAE</string>
				<string>EF703CE017E8F64A0073ADAE</string>
			</array>
			<key>isa</key>
			<string>PBXGroup</string>
			<key>path</key>
			<string>location testTests</string>
			<key>sourceTree</key>
			<string>&lt;group&gt;</string>
		</dict>
		<key>EF703CE017E8F64A0073ADAE</key>
		<dict>
			<key>children</key>
			<array>
				<string>EF703CE117E8F64A0073ADAE</string>
				<string>EF703CE217E8F64A0073ADAE</string>
			</array>
			<key>isa</key>
			<string>PBXGroup</string>
			<key>name</key>
			<string>Supporting Files</string>
			<key>sourceTree</key>
			<string>&lt;group&gt;</string>
		</dict>
		<key>EF703CE117E8F64A0073ADAE</key>
		<dict>
			<key>isa</key>
			<string>PBXFileReference</string>
			<key>lastKnownFileType</key>
			<string>text.plist.xml</string>
			<key>path</key>
			<string>location testTests-Info.plist</string>
			<key>sourceTree</key>
			<string>&lt;group&gt;</string>
		</dict>
		<key>EF703CE217E8F64A0073ADAE</key>
		<dict>
			<key>children</key>
			<array>
				<string>EF703CE317E8F64A0073ADAE</string>
			</array>
			<key>isa</key>
			<string>PBXVariantGroup</string>
			<key>name</key>
			<string>InfoPlist.strings</string>
			<key>sourceTree</key>
			<string>&lt;group&gt;</string>
		</dict>
		<key>EF703CE317E8F64A0073ADAE</key>
		<dict>
			<key>isa</key>
			<string>PBXFileReference</string>
			<key>lastKnownFileType</key>
			<string>text.plist.strings</string>
			<key>name</key>
			<string>en</string>
			<key>path</key>
			<string>en.lproj/InfoPlist.strings</string>
			<key>sourceTree</key>
			<string>&lt;group&gt;</string>
		</dict>
		<key>EF703CE417E8F64A0073ADAE</key>
		<dict>
			<key>fileRef</key>
			<string>EF703CE217E8F64A0073ADAE</string>
			<key>isa</key>
			<string>PBXBuildFile</string>
		</dict>
		<key>EF703CE517E8F64A0073ADAE</key>
		<dict>
			<key>isa</key>
			<string>PBXFileReference</string>
			<key>lastKnownFileType</key>
			<string>sourcecode.c.objc</string>
			<key>path</key>
			<string>location_testTests.m</string>
			<key>sourceTree</key>
			<string>&lt;group&gt;</string>
		</dict>
		<key>EF703CE617E8F64A0073ADAE</key>
		<dict>
			<key>fileRef</key>
			<string>EF703CE517E8F64A0073ADAE</string>
			<key>isa</key>
			<string>PBXBuildFile</string>
		</dict>
		<key>EF703CE717E8F64A0073ADAE</key>
		<dict>
			<key>buildSettings</key>
			<dict>
				<key>ALWAYS_SEARCH_USER_PATHS</key>
				<string>NO</string>
				<key>ARCHS</key>
				<string>$(ARCHS_STANDARD_INCLUDING_64_BIT)</string>
				<key>CLANG_CXX_LANGUAGE_STANDARD</key>
				<string>gnu++0x</string>
				<key>CLANG_CXX_LIBRARY</key>
				<string>libc++</string>
				<key>CLANG_ENABLE_MODULES</key>
				<string>YES</string>
				<key>CLANG_ENABLE_OBJC_ARC</key>
				<string>YES</string>
				<key>CLANG_WARN_BOOL_CONVERSION</key>
				<string>YES</string>
				<key>CLANG_WARN_CONSTANT_CONVERSION</key>
				<string>YES</string>
				<key>CLANG_WARN_DIRECT_OBJC_ISA_USAGE</key>
				<string>YES_ERROR</string>
				<key>CLANG_WARN_EMPTY_BODY</key>
				<string>YES</string>
				<key>CLANG_WARN_ENUM_CONVERSION</key>
				<string>YES</string>
				<key>CLANG_WARN_INT_CONVERSION</key>
				<string>YES</string>
				<key>CLANG_WARN_OBJC_ROOT_CLASS</key>
				<string>YES_ERROR</string>
				<key>CLANG_WARN__DUPLICATE_METHOD_MATCH</key>
				<string>YES</string>
				<key>CODE_SIGN_IDENTITY[sdk=iphoneos*]</key>
				<string>iPhone Developer</string>
				<key>COPY_PHASE_STRIP</key>
				<string>NO</string>
				<key>FRAMEWORK_SEARCH_PATHS</key>
				<array>
					<string>"/Applications/Spark Inspector.app/Contents/Resources/Frameworks"</string>
				</array>
				<key>GCC_C_LANGUAGE_STANDARD</key>
				<string>gnu99</string>
				<key>GCC_DYNAMIC_NO_PIC</key>
				<string>NO</string>
				<key>GCC_OPTIMIZATION_LEVEL</key>
				<string>0</string>
				<key>GCC_PREPROCESSOR_DEFINITIONS</key>
				<array>
					<string>DEBUG=1</string>
					<string>$(inherited)</string>
				</array>
				<key>GCC_SYMBOLS_PRIVATE_EXTERN</key>
				<string>NO</string>
				<key>GCC_WARN_64_TO_32_BIT_CONVERSION</key>
				<string>YES</string>
				<key>GCC_WARN_ABOUT_RETURN_TYPE</key>
				<string>YES_ERROR</string>
				<key>GCC_WARN_UNDECLARED_SELECTOR</key>
				<string>YES</string>
				<key>GCC_WARN_UNINITIALIZED_AUTOS</key>
				<string>YES</string>
				<key>GCC_WARN_UNUSED_FUNCTION</key>
				<string>YES</string>
				<key>GCC_WARN_UNUSED_VARIABLE</key>
				<string>YES</string>
				<key>IPHONEOS_DEPLOYMENT_TARGET</key>
				<string>7.0</string>
				<key>ONLY_ACTIVE_ARCH</key>
				<string>YES</string>
				<key>OTHER_LDFLAGS</key>
				<array>
					<string>-ObjC</string>
					<string>-framework SparkInspector</string>
				</array>
				<key>SDKROOT</key>
				<string>iphoneos</string>
			</dict>
			<key>isa</key>
			<string>XCBuildConfiguration</string>
			<key>name</key>
			<string>Debug</string>
		</dict>
		<key>EF703CE817E8F64A0073ADAE</key>
		<dict>
			<key>buildSettings</key>
			<dict>
				<key>ALWAYS_SEARCH_USER_PATHS</key>
				<string>NO</string>
				<key>ARCHS</key>
				<string>$(ARCHS_STANDARD_INCLUDING_64_BIT)</string>
				<key>CLANG_CXX_LANGUAGE_STANDARD</key>
				<string>gnu++0x</string>
				<key>CLANG_CXX_LIBRARY</key>
				<string>libc++</string>
				<key>CLANG_ENABLE_MODULES</key>
				<string>YES</string>
				<key>CLANG_ENABLE_OBJC_ARC</key>
				<string>YES</string>
				<key>CLANG_WARN_BOOL_CONVERSION</key>
				<string>YES</string>
				<key>CLANG_WARN_CONSTANT_CONVERSION</key>
				<string>YES</string>
				<key>CLANG_WARN_DIRECT_OBJC_ISA_USAGE</key>
				<string>YES_ERROR</string>
				<key>CLANG_WARN_EMPTY_BODY</key>
				<string>YES</string>
				<key>CLANG_WARN_ENUM_CONVERSION</key>
				<string>YES</string>
				<key>CLANG_WARN_INT_CONVERSION</key>
				<string>YES</string>
				<key>CLANG_WARN_OBJC_ROOT_CLASS</key>
				<string>YES_ERROR</string>
				<key>CLANG_WARN__DUPLICATE_METHOD_MATCH</key>
				<string>YES</string>
				<key>CODE_SIGN_IDENTITY[sdk=iphoneos*]</key>
				<string>iPhone Developer</string>
				<key>COPY_PHASE_STRIP</key>
				<string>YES</string>
				<key>ENABLE_NS_ASSERTIONS</key>
				<string>NO</string>
				<key>GCC_C_LANGUAGE_STANDARD</key>
				<string>gnu99</string>
				<key>GCC_WARN_64_TO_32_BIT_CONVERSION</key>
				<string>YES</string>
				<key>GCC_WARN_ABOUT_RETURN_TYPE</key>
				<string>YES_ERROR</string>
				<key>GCC_WARN_UNDECLARED_SELECTOR</key>
				<string>YES</string>
				<key>GCC_WARN_UNINITIALIZED_AUTOS</key>
				<string>YES</string>
				<key>GCC_WARN_UNUSED_FUNCTION</key>
				<string>YES</string>
				<key>GCC_WARN_UNUSED_VARIABLE</key>
				<string>YES</string>
				<key>IPHONEOS_DEPLOYMENT_TARGET</key>
				<string>7.0</string>
				<key>SDKROOT</key>
				<string>iphoneos</string>
				<key>VALIDATE_PRODUCT</key>
				<string>YES</string>
			</dict>
			<key>isa</key>
			<string>XCBuildConfiguration</string>
			<key>name</key>
			<string>Release</string>
		</dict>
		<key>EF703CE917E8F64A0073ADAE</key>
		<dict>
			<key>buildConfigurations</key>
			<array>
				<string>EF703CEA17E8F64A0073ADAE</string>
				<string>EF703CEB17E8F64A0073ADAE</string>
			</array>
			<key>defaultConfigurationIsVisible</key>
			<string>0</string>
			<key>defaultConfigurationName</key>
			<string>Release</string>
			<key>isa</key>
			<string>XCConfigurationList</string>
		</dict>
		<key>EF703CEA17E8F64A0073ADAE</key>
		<dict>
			<key>buildSettings</key>
			<dict>
				<key>ASSETCATALOG_COMPILER_APPICON_NAME</key>
				<string>AppIcon</string>
				<key>ASSETCATALOG_COMPILER_LAUNCHIMAGE_NAME</key>
				<string>LaunchImage</string>
				<key>FRAMEWORK_SEARCH_PATHS</key>
				<array>
					<string>"/Applications/Spark Inspector.app/Contents/Resources/Frameworks"</string>
				</array>
				<key>GCC_PRECOMPILE_PREFIX_HEADER</key>
				<string>YES</string>
				<key>GCC_PREFIX_HEADER</key>
				<string>location test/location test-Prefix.pch</string>
				<key>INFOPLIST_FILE</key>
				<string>location test/location test-Info.plist</string>
				<key>OTHER_LDFLAGS</key>
				<array>
					<string>-ObjC</string>
					<string>-framework SparkInspector</string>
				</array>
				<key>PRODUCT_NAME</key>
				<string>$(TARGET_NAME)</string>
				<key>WRAPPER_EXTENSION</key>
				<string>app</string>
			</dict>
			<key>isa</key>
			<string>XCBuildConfiguration</string>
			<key>name</key>
			<string>Debug</string>
		</dict>
		<key>EF703CEB17E8F64A0073ADAE</key>
		<dict>
			<key>buildSettings</key>
			<dict>
				<key>ASSETCATALOG_COMPILER_APPICON_NAME</key>
				<string>AppIcon</string>
				<key>ASSETCATALOG_COMPILER_LAUNCHIMAGE_NAME</key>
				<string>LaunchImage</string>
				<key>GCC_PRECOMPILE_PREFIX_HEADER</key>
				<string>YES</string>
				<key>GCC_PREFIX_HEADER</key>
				<string>location test/location test-Prefix.pch</string>
				<key>INFOPLIST_FILE</key>
				<string>location test/location test-Info.plist</string>
				<key>PRODUCT_NAME</key>
				<string>$(TARGET_NAME)</string>
				<key>WRAPPER_EXTENSION</key>
				<string>app</string>
			</dict>
			<key>isa</key>
			<string>XCBuildConfiguration</string>
			<key>name</key>
			<string>Release</string>
		</dict>
		<key>EF703CEC17E8F64A0073ADAE</key>
		<dict>
			<key>buildConfigurations</key>
			<array>
				<string>EF703CED17E8F64A0073ADAE</string>
				<string>EF703CEE17E8F64A0073ADAE</string>
			</array>
			<key>defaultConfigurationIsVisible</key>
			<string>0</string>
			<key>defaultConfigurationName</key>
			<string>Release</string>
			<key>isa</key>
			<string>XCConfigurationList</string>
		</dict>
		<key>EF703CED17E8F64A0073ADAE</key>
		<dict>
			<key>buildSettings</key>
			<dict>
				<key>ARCHS</key>
				<string>$(ARCHS_STANDARD_INCLUDING_64_BIT)</string>
				<key>BUNDLE_LOADER</key>
				<string>$(BUILT_PRODUCTS_DIR)/location test.app/location test</string>
				<key>FRAMEWORK_SEARCH_PATHS</key>
				<array>
					<string>$(SDKROOT)/Developer/Library/Frameworks</string>
					<string>$(inherited)</string>
					<string>$(DEVELOPER_FRAMEWORKS_DIR)</string>
				</array>
				<key>GCC_PRECOMPILE_PREFIX_HEADER</key>
				<string>YES</string>
				<key>GCC_PREFIX_HEADER</key>
				<string>location test/location test-Prefix.pch</string>
				<key>GCC_PREPROCESSOR_DEFINITIONS</key>
				<array>
					<string>DEBUG=1</string>
					<string>$(inherited)</string>
				</array>
				<key>INFOPLIST_FILE</key>
				<string>location testTests/location testTests-Info.plist</string>
				<key>PRODUCT_NAME</key>
				<string>$(TARGET_NAME)</string>
				<key>TEST_HOST</key>
				<string>$(BUNDLE_LOADER)</string>
				<key>WRAPPER_EXTENSION</key>
				<string>xctest</string>
			</dict>
			<key>isa</key>
			<string>XCBuildConfiguration</string>
			<key>name</key>
			<string>Debug</string>
		</dict>
		<key>EF703CEE17E8F64A0073ADAE</key>
		<dict>
			<key>buildSettings</key>
			<dict>
				<key>ARCHS</key>
				<string>$(ARCHS_STANDARD_INCLUDING_64_BIT)</string>
				<key>BUNDLE_LOADER</key>
				<string>$(BUILT_PRODUCTS_DIR)/location test.app/location test</string>
				<key>FRAMEWORK_SEARCH_PATHS</key>
				<array>
					<string>$(SDKROOT)/Developer/Library/Frameworks</string>
					<string>$(inherited)</string>
					<string>$(DEVELOPER_FRAMEWORKS_DIR)</string>
				</array>
				<key>GCC_PRECOMPILE_PREFIX_HEADER</key>
				<string>YES</string>
				<key>GCC_PREFIX_HEADER</key>
				<string>location test/location test-Prefix.pch</string>
				<key>INFOPLIST_FILE</key>
				<string>location testTests/location testTests-Info.plist</string>
				<key>PRODUCT_NAME</key>
				<string>$(TARGET_NAME)</string>
				<key>TEST_HOST</key>
				<string>$(BUNDLE_LOADER)</string>
				<key>WRAPPER_EXTENSION</key>
				<string>xctest</string>
			</dict>
			<key>isa</key>
			<string>XCBuildConfiguration</string>
			<key>name</key>
			<string>Release</string>
		</dict>
		<key>EF703CEF17E8F6510073ADAE</key>
		<dict>
			<key>isa</key>
			<string>PBXFileReference</string>
			<key>lastKnownFileType</key>
			<string>wrapper.framework</string>
			<key>name</key>
			<string>MapKit.framework</string>
			<key>path</key>
			<string>System/Library/Frameworks/MapKit.framework</string>
			<key>sourceTree</key>
			<string>SDKROOT</string>
		</dict>
		<key>EF703CF017E8F6510073ADAE</key>
		<dict>
			<key>fileRef</key>
			<string>EF703CEF17E8F6510073ADAE</string>
			<key>isa</key>
			<string>PBXBuildFile</string>
		</dict>
		<key>HYXIFWTDXJPPRRMDCEPMDTJH</key>
		<dict>
			<key>isa</key>
			<string>PBXFileReference</string>
			<key>lastKnownFileType</key>
			<string>wrapper.framework</string>
			<key>name</key>
			<string>QuartzCore.framework</string>
			<key>path</key>
			<string>System/Library/Frameworks/QuartzCore.framework</string>
			<key>sourceTree</key>
			<string>SDKROOT</string>
		</dict>
		<key>KIYDQKWBMRKIEYEVRWSLKUDQ</key>
		<dict>
			<key>fileRef</key>
			<string>HYXIFWTDXJPPRRMDCEPMDTJH</string>
			<key>isa</key>
			<string>PBXBuildFile</string>
		</dict>
		<key>KNPONLATPTEBRUFEBXNXFHCQ</key>
		<dict>
			<key>fileRef</key>
			<string>THBDITSPYVFDWQYYBDCIDIXG</string>
			<key>isa</key>
			<string>PBXBuildFile</string>
		</dict>
		<key>QMNTBWVDMICWTEJGUAKXRYSM</key>
		<dict>
			<key>isa</key>
			<string>PBXFileReference</string>
			<key>lastKnownFileType</key>
			<string>wrapper.framework</string>
			<key>name</key>
			<string>SparkInspector.framework</string>
			<key>path</key>
			<string>/Applications/Spark Inspector.app/Contents/Resources/Frameworks/SparkInspector.framework</string>
			<key>sourceTree</key>
			<string>&lt;group&gt;</string>
		</dict>
		<key>THBDITSPYVFDWQYYBDCIDIXG</key>
		<dict>
			<key>isa</key>
			<string>PBXFileReference</string>
			<key>lastKnownFileType</key>
			<string>compiled.mach-o.dylib</string>
			<key>name</key>
			<string>libz.dylib</string>
			<key>path</key>
			<string>usr/lib/libz.dylib</string>
			<key>sourceTree</key>
			<string>SDKROOT</string>
		</dict>
	</dict>
	<key>rootObject</key>
	<string>EF703CAF17E8F64A0073ADAE</string>
</dict>
</plist>
